
Microsoft Visual Studio Solution File, Format Version 12.00
# Visual Studio Version 17
VisualStudioVersion = 17.1.32210.238
MinimumVisualStudioVersion = 10.0.40219.1
Project("{8BC9CEB8-8B4A-11D0-8D11-00A0C91BC942}") = "A02_ArithmeticOp", "A02_ArithmeticOp\A02_ArithmeticOp.vcxproj", "{DCD8BD3C-B2F3-406B-A427-B216940902BF}"
EndProject
Project("{8BC9CEB8-8B4A-11D0-8D11-00A0C91BC942}") = "A03_RelationalOp", "A03_RelationalOp\A03_RelationalOp.vcxproj", "{BCC81B56-8560-477F-BBA8-4B42F91A4737}"
EndProject
Project("{8BC9CEB8-8B4A-11D0-8D11-00A0C91BC942}") = "A04_BMI", "A04_BMI\A04_BMI.vcxproj", "{4CBB773F-CFCC-45F4-91A7-57F7EBFCED9B}"
EndProject
Project("{8BC9CEB8-8B4A-11D0-8D11-00A0C91BC942}") = "A05_Loop", "A05_Loop\A05_Loop.vcxproj", "{AC917562-C082-4ADE-A96D-ACD0F7C8CF24}"
EndProject
Project("{8BC9CEB8-8B4A-11D0-8D11-00A0C91BC942}") = "A06_Power", "A06_Power\A06_Power.vcxproj", "{778CC69A-7D21-4209-92EC-BB643A0EB4CA}"
EndProject
Project("{8BC9CEB8-8B4A-11D0-8D11-00A0C91BC942}") = "A07_Gugu", "A07_Gugu\A07_Gugu.vcxproj", "{9F0357BD-9463-46EA-82EC-8C11BBB83B3E}"
EndProject
Project("{8BC9CEB8-8B4A-11D0-8D11-00A0C91BC942}") = "A08_Prime", "A08_Prime\A08_Prime.vcxproj", "{BD1C57D7-C684-47BB-BB84-9ACC60637F07}"
EndProject
Project("{8BC9CEB8-8B4A-11D0-8D11-00A0C91BC942}") = "A09_Pyramid", "A09_Pyramid\A09_Pyramid.vcxproj", "{C972A131-5F31-4AEF-9637-17DCF8A8F655}"
EndProject
Project("{8BC9CEB8-8B4A-11D0-8D11-00A0C91BC942}") = "A10_Random", "A10_Random\A10_Random.vcxproj", "{F1C057CB-A882-46E7-B8D2-F6B0FB6E9E3B}"
EndProject
Project("{8BC9CEB8-8B4A-11D0-8D11-00A0C91BC942}") = "A11_Sorting", "A11_Sorting\A11_Sorting.vcxproj", "{0FE8D130-000A-4268-AECA-B906818D4432}"
EndProject
Project("{8BC9CEB8-8B4A-11D0-8D11-00A0C91BC942}") = "A12_Larger", "A12_Larger\A12_Larger.vcxproj", "{C8956C17-DE67-4AF1-83D7-A4E7C6BD8F31}"
EndProject
Project("{8BC9CEB8-8B4A-11D0-8D11-00A0C91BC942}") = "A13_PyramidFunc", "A13_PyramidFunc\A13_PyramidFunc.vcxproj", "{6A2969DB-1F86-4353-AFE4-E7FF78C06E5E}"
EndProject
Project("{8BC9CEB8-8B4A-11D0-8D11-00A0C91BC942}") = "A14_Factorial", "A14_Factorial\A14_Factorial.vcxproj", "{C804F088-40E5-42EA-8ABA-A34CAD6F60F3}"
EndProject
Project("{8BC9CEB8-8B4A-11D0-8D11-00A0C91BC942}") = "A15_Hanoi", "A15_Hanoi\A15_Hanoi.vcxproj", "{FADDFB1A-EB57-4D2A-A1A9-765B379C6F74}"
EndProject
Project("{FAE04EC0-301F-11D3-BF4B-00C04F79EFBC}") = "B01_IO", "B01_IO\B01_IO.csproj", "{2AC0ED72-1D46-47D0-9695-DDF1998784E9}"
EndProject
Project("{FAE04EC0-301F-11D3-BF4B-00C04F79EFBC}") = "B02_Arithmetic", "B02_Arithmetic\B02_Arithmetic.csproj", "{C77ABA41-CDCB-4426-9448-EB1EC0413060}"
EndProject
Project("{FAE04EC0-301F-11D3-BF4B-00C04F79EFBC}") = "B03_Relational", "B03_Relational\B03_Relational.csproj", "{1297A5F0-E2A0-49DB-B455-73905C70D936}"
EndProject
Project("{FAE04EC0-301F-11D3-BF4B-00C04F79EFBC}") = "B04_BMI", "B04_BMI\B04_BMI.csproj", "{708002B0-691F-477F-B995-20C9533742C6}"
EndProject
Project("{FAE04EC0-301F-11D3-BF4B-00C04F79EFBC}") = "B05_Loop", "B05_Loop\B05_Loop.csproj", "{2FF64367-C392-4B22-8672-FA7A3705E947}"
EndProject
Project("{FAE04EC0-301F-11D3-BF4B-00C04F79EFBC}") = "B06_Power", "B06_Power\B06_Power.csproj", "{99651629-D98D-4C07-AF73-ED3837131974}"
EndProject
Project("{FAE04EC0-301F-11D3-BF4B-00C04F79EFBC}") = "B07_Gugu", "B07_Gugu\B07_Gugu.csproj", "{4047559E-04BB-44D2-A7BF-DA7087C3C29C}"
EndProject
Project("{FAE04EC0-301F-11D3-BF4B-00C04F79EFBC}") = "B08_Prime", "B08_Prime\B08_Prime.csproj", "{A9D4A264-7C94-44A8-A643-FB90E41D4842}"
EndProject
Project("{FAE04EC0-301F-11D3-BF4B-00C04F79EFBC}") = "B09_Pyramid", "B09_Pyramid\B09_Pyramid.csproj", "{72A316CF-F4BE-4E42-94E2-3B1A14A3CB1A}"
EndProject
Project("{FAE04EC0-301F-11D3-BF4B-00C04F79EFBC}") = "B10_Array", "B10_Array\B10_Array.csproj", "{B5D27845-22FC-44F8-A62C-3F9FD4B58EF6}"
EndProject
Project("{FAE04EC0-301F-11D3-BF4B-00C04F79EFBC}") = "B11_Sorting", "B11_Sorting\B11_Sorting.csproj", "{ABA9CCC9-329E-4012-B81E-40B6905152CF}"
EndProject
Project("{FAE04EC0-301F-11D3-BF4B-00C04F79EFBC}") = "B12_Larger", "B12_Larger\B12_Larger.csproj", "{49DEEA2B-36DA-4E1D-B536-0AE28EA89C50}"
EndProject
Project("{FAE04EC0-301F-11D3-BF4B-00C04F79EFBC}") = "B13_PyramidMethod", "B13_PyramidMethod\B13_PyramidMethod.csproj", "{638D6F84-7781-4B9B-A7E2-59AFFC40B12D}"
EndProject
Project("{FAE04EC0-301F-11D3-BF4B-00C04F79EFBC}") = "B14_Factorial", "B14_Factorial\B14_Factorial.csproj", "{18A296E2-C97C-4D38-8CB0-A46BB2CD2D62}"
EndProject
Project("{FAE04EC0-301F-11D3-BF4B-00C04F79EFBC}") = "B15_Hanoi", "B15_Hanoi\B15_Hanoi.csproj", "{E83A44A0-7CC6-4A37-AC6A-74CD7AFED49A}"
EndProject
Project("{8BC9CEB8-8B4A-11D0-8D11-00A0C91BC942}") = "A01_IO", "A01_IO\A01_IO.vcxproj", "{11236146-5874-4B82-8986-B2D2C32C3225}"
EndProject
Project("{9A19103F-16F7-4668-BE54-9A1E7A4F7556}") = "ex1", "ex1\ex1.csproj", "{F891CC65-3750-49E8-9B2E-866B78CCF949}"
EndProject
Project("{FAE04EC0-301F-11D3-BF4B-00C04F79EFBC}") = "14messagebox", "14messagebox\14messagebox.csproj", "{1ECB4FC9-8E87-4869-91B4-AF5AAF59D193}"
EndProject
Project("{FAE04EC0-301F-11D3-BF4B-00C04F79EFBC}") = "15_basic", "15_basic\15_basic.csproj", "{487650F6-2E74-4CB2-9789-758B8EF6893D}"
EndProject
Project("{FAE04EC0-301F-11D3-BF4B-00C04F79EFBC}") = "16_label", "16_label\16_label.csproj", "{BEE9F06D-3083-49C8-9027-879036B671FB}"
EndProject
Project("{FAE04EC0-301F-11D3-BF4B-00C04F79EFBC}") = "17checkbox", "17checkbox\17checkbox.csproj", "{62C927BB-5A91-4B38-B693-28B98E2CF2A3}"
EndProject
Project("{FAE04EC0-301F-11D3-BF4B-00C04F79EFBC}") = "18radiobox", "18radiobox\18radiobox.csproj", "{5F2921E9-7D3C-42F9-A5F7-8DEA2D774A38}"
EndProject
Project("{FAE04EC0-301F-11D3-BF4B-00C04F79EFBC}") = "19total", "19total\19total.csproj", "{7F6A823F-B33C-41FA-B779-88AF24248AA7}"
EndProject
Project("{9A19103F-16F7-4668-BE54-9A1E7A4F7556}") = "fibo1", "fibo1\fibo1.csproj", "{33281C80-6B74-418E-BC52-A1720F745469}"
EndProject
Project("{9A19103F-16F7-4668-BE54-9A1E7A4F7556}") = "fibo2", "fibo2\fibo2.csproj", "{9E186130-19FF-4B19-A21B-456D8A2B30FE}"
EndProject
Project("{FAE04EC0-301F-11D3-BF4B-00C04F79EFBC}") = "20scroll", "20scroll\20scroll.csproj", "{1E98BF1B-AD2B-45B5-A8D6-F5BCEBC6C494}"
EndProject
Project("{FAE04EC0-301F-11D3-BF4B-00C04F79EFBC}") = "20listbox", "20listbox\20listbox.csproj", "{DF3AE234-C3B5-4EB7-B848-599871DDA6A1}"
EndProject
Project("{FAE04EC0-301F-11D3-BF4B-00C04F79EFBC}") = "21combobox", "21combobox\21combobox.csproj", "{835EE09C-F9F6-4E44-AC72-E14F59D26C7B}"
EndProject
Project("{FAE04EC0-301F-11D3-BF4B-00C04F79EFBC}") = "21timer", "21timer\21timer.csproj", "{F40C94F8-E861-4D79-9FE0-09E792BA85D1}"
EndProject
Project("{FAE04EC0-301F-11D3-BF4B-00C04F79EFBC}") = "21dateTimePicker", "21dateTimePicker\21dateTimePicker.csproj", "{10D3B601-CF5A-42B8-B376-1BAF42250E94}"
EndProject
Project("{FAE04EC0-301F-11D3-BF4B-00C04F79EFBC}") = "21wmp", "21wmp\21wmp.csproj", "{C6488726-BE4E-4545-B61F-079D46FF8D7B}"
EndProject
Project("{FAE04EC0-301F-11D3-BF4B-00C04F79EFBC}") = "25WPFhello", "25WPFhello\25WPFhello.csproj", "{6A10B48E-E299-43EB-A1E8-3C46202AC5D0}"
EndProject
Project("{FAE04EC0-301F-11D3-BF4B-00C04F79EFBC}") = "26grid", "26grid\26grid.csproj", "{C15A0C60-677E-4908-8928-4157244CC498}"
EndProject
Project("{FAE04EC0-301F-11D3-BF4B-00C04F79EFBC}") = "27stackpanel", "27stackpanel\27stackpanel.csproj", "{D7CD7C16-BABD-4BF3-BE02-475BFBC46F03}"
EndProject
Global
	GlobalSection(SolutionConfigurationPlatforms) = preSolution
		Debug|Any CPU = Debug|Any CPU
		Debug|x64 = Debug|x64
		Debug|x86 = Debug|x86
		Release|Any CPU = Release|Any CPU
		Release|x64 = Release|x64
		Release|x86 = Release|x86
	EndGlobalSection
	GlobalSection(ProjectConfigurationPlatforms) = postSolution
		{DCD8BD3C-B2F3-406B-A427-B216940902BF}.Debug|Any CPU.ActiveCfg = Debug|Win32
		{DCD8BD3C-B2F3-406B-A427-B216940902BF}.Debug|x64.ActiveCfg = Debug|x64
		{DCD8BD3C-B2F3-406B-A427-B216940902BF}.Debug|x64.Build.0 = Debug|x64
		{DCD8BD3C-B2F3-406B-A427-B216940902BF}.Debug|x86.ActiveCfg = Debug|Win32
		{DCD8BD3C-B2F3-406B-A427-B216940902BF}.Debug|x86.Build.0 = Debug|Win32
		{DCD8BD3C-B2F3-406B-A427-B216940902BF}.Release|Any CPU.ActiveCfg = Release|Win32
		{DCD8BD3C-B2F3-406B-A427-B216940902BF}.Release|x64.ActiveCfg = Release|x64
		{DCD8BD3C-B2F3-406B-A427-B216940902BF}.Release|x64.Build.0 = Release|x64
		{DCD8BD3C-B2F3-406B-A427-B216940902BF}.Release|x86.ActiveCfg = Release|Win32
		{DCD8BD3C-B2F3-406B-A427-B216940902BF}.Release|x86.Build.0 = Release|Win32
		{BCC81B56-8560-477F-BBA8-4B42F91A4737}.Debug|Any CPU.ActiveCfg = Debug|Win32
		{BCC81B56-8560-477F-BBA8-4B42F91A4737}.Debug|x64.ActiveCfg = Debug|x64
		{BCC81B56-8560-477F-BBA8-4B42F91A4737}.Debug|x64.Build.0 = Debug|x64
		{BCC81B56-8560-477F-BBA8-4B42F91A4737}.Debug|x86.ActiveCfg = Debug|Win32
		{BCC81B56-8560-477F-BBA8-4B42F91A4737}.Debug|x86.Build.0 = Debug|Win32
		{BCC81B56-8560-477F-BBA8-4B42F91A4737}.Release|Any CPU.ActiveCfg = Release|Win32
		{BCC81B56-8560-477F-BBA8-4B42F91A4737}.Release|x64.ActiveCfg = Release|x64
		{BCC81B56-8560-477F-BBA8-4B42F91A4737}.Release|x64.Build.0 = Release|x64
		{BCC81B56-8560-477F-BBA8-4B42F91A4737}.Release|x86.ActiveCfg = Release|Win32
		{BCC81B56-8560-477F-BBA8-4B42F91A4737}.Release|x86.Build.0 = Release|Win32
		{4CBB773F-CFCC-45F4-91A7-57F7EBFCED9B}.Debug|Any CPU.ActiveCfg = Debug|Win32
		{4CBB773F-CFCC-45F4-91A7-57F7EBFCED9B}.Debug|x64.ActiveCfg = Debug|x64
		{4CBB773F-CFCC-45F4-91A7-57F7EBFCED9B}.Debug|x64.Build.0 = Debug|x64
		{4CBB773F-CFCC-45F4-91A7-57F7EBFCED9B}.Debug|x86.ActiveCfg = Debug|Win32
		{4CBB773F-CFCC-45F4-91A7-57F7EBFCED9B}.Debug|x86.Build.0 = Debug|Win32
		{4CBB773F-CFCC-45F4-91A7-57F7EBFCED9B}.Release|Any CPU.ActiveCfg = Release|Win32
		{4CBB773F-CFCC-45F4-91A7-57F7EBFCED9B}.Release|x64.ActiveCfg = Release|x64
		{4CBB773F-CFCC-45F4-91A7-57F7EBFCED9B}.Release|x64.Build.0 = Release|x64
		{4CBB773F-CFCC-45F4-91A7-57F7EBFCED9B}.Release|x86.ActiveCfg = Release|Win32
		{4CBB773F-CFCC-45F4-91A7-57F7EBFCED9B}.Release|x86.Build.0 = Release|Win32
		{AC917562-C082-4ADE-A96D-ACD0F7C8CF24}.Debug|Any CPU.ActiveCfg = Debug|Win32
		{AC917562-C082-4ADE-A96D-ACD0F7C8CF24}.Debug|x64.ActiveCfg = Debug|x64
		{AC917562-C082-4ADE-A96D-ACD0F7C8CF24}.Debug|x64.Build.0 = Debug|x64
		{AC917562-C082-4ADE-A96D-ACD0F7C8CF24}.Debug|x86.ActiveCfg = Debug|Win32
		{AC917562-C082-4ADE-A96D-ACD0F7C8CF24}.Debug|x86.Build.0 = Debug|Win32
		{AC917562-C082-4ADE-A96D-ACD0F7C8CF24}.Release|Any CPU.ActiveCfg = Release|Win32
		{AC917562-C082-4ADE-A96D-ACD0F7C8CF24}.Release|x64.ActiveCfg = Release|x64
		{AC917562-C082-4ADE-A96D-ACD0F7C8CF24}.Release|x64.Build.0 = Release|x64
		{AC917562-C082-4ADE-A96D-ACD0F7C8CF24}.Release|x86.ActiveCfg = Release|Win32
		{AC917562-C082-4ADE-A96D-ACD0F7C8CF24}.Release|x86.Build.0 = Release|Win32
		{778CC69A-7D21-4209-92EC-BB643A0EB4CA}.Debug|Any CPU.ActiveCfg = Debug|Win32
		{778CC69A-7D21-4209-92EC-BB643A0EB4CA}.Debug|x64.ActiveCfg = Debug|x64
		{778CC69A-7D21-4209-92EC-BB643A0EB4CA}.Debug|x64.Build.0 = Debug|x64
		{778CC69A-7D21-4209-92EC-BB643A0EB4CA}.Debug|x86.ActiveCfg = Debug|Win32
		{778CC69A-7D21-4209-92EC-BB643A0EB4CA}.Debug|x86.Build.0 = Debug|Win32
		{778CC69A-7D21-4209-92EC-BB643A0EB4CA}.Release|Any CPU.ActiveCfg = Release|Win32
		{778CC69A-7D21-4209-92EC-BB643A0EB4CA}.Release|x64.ActiveCfg = Release|x64
		{778CC69A-7D21-4209-92EC-BB643A0EB4CA}.Release|x64.Build.0 = Release|x64
		{778CC69A-7D21-4209-92EC-BB643A0EB4CA}.Release|x86.ActiveCfg = Release|Win32
		{778CC69A-7D21-4209-92EC-BB643A0EB4CA}.Release|x86.Build.0 = Release|Win32
		{9F0357BD-9463-46EA-82EC-8C11BBB83B3E}.Debug|Any CPU.ActiveCfg = Debug|Win32
		{9F0357BD-9463-46EA-82EC-8C11BBB83B3E}.Debug|x64.ActiveCfg = Debug|x64
		{9F0357BD-9463-46EA-82EC-8C11BBB83B3E}.Debug|x64.Build.0 = Debug|x64
		{9F0357BD-9463-46EA-82EC-8C11BBB83B3E}.Debug|x86.ActiveCfg = Debug|Win32
		{9F0357BD-9463-46EA-82EC-8C11BBB83B3E}.Debug|x86.Build.0 = Debug|Win32
		{9F0357BD-9463-46EA-82EC-8C11BBB83B3E}.Release|Any CPU.ActiveCfg = Release|Win32
		{9F0357BD-9463-46EA-82EC-8C11BBB83B3E}.Release|x64.ActiveCfg = Release|x64
		{9F0357BD-9463-46EA-82EC-8C11BBB83B3E}.Release|x64.Build.0 = Release|x64
		{9F0357BD-9463-46EA-82EC-8C11BBB83B3E}.Release|x86.ActiveCfg = Release|Win32
		{9F0357BD-9463-46EA-82EC-8C11BBB83B3E}.Release|x86.Build.0 = Release|Win32
		{BD1C57D7-C684-47BB-BB84-9ACC60637F07}.Debug|Any CPU.ActiveCfg = Debug|Win32
		{BD1C57D7-C684-47BB-BB84-9ACC60637F07}.Debug|x64.ActiveCfg = Debug|x64
		{BD1C57D7-C684-47BB-BB84-9ACC60637F07}.Debug|x64.Build.0 = Debug|x64
		{BD1C57D7-C684-47BB-BB84-9ACC60637F07}.Debug|x86.ActiveCfg = Debug|Win32
		{BD1C57D7-C684-47BB-BB84-9ACC60637F07}.Debug|x86.Build.0 = Debug|Win32
		{BD1C57D7-C684-47BB-BB84-9ACC60637F07}.Release|Any CPU.ActiveCfg = Release|Win32
		{BD1C57D7-C684-47BB-BB84-9ACC60637F07}.Release|x64.ActiveCfg = Release|x64
		{BD1C57D7-C684-47BB-BB84-9ACC60637F07}.Release|x64.Build.0 = Release|x64
		{BD1C57D7-C684-47BB-BB84-9ACC60637F07}.Release|x86.ActiveCfg = Release|Win32
		{BD1C57D7-C684-47BB-BB84-9ACC60637F07}.Release|x86.Build.0 = Release|Win32
		{C972A131-5F31-4AEF-9637-17DCF8A8F655}.Debug|Any CPU.ActiveCfg = Debug|Win32
		{C972A131-5F31-4AEF-9637-17DCF8A8F655}.Debug|x64.ActiveCfg = Debug|x64
		{C972A131-5F31-4AEF-9637-17DCF8A8F655}.Debug|x64.Build.0 = Debug|x64
		{C972A131-5F31-4AEF-9637-17DCF8A8F655}.Debug|x86.ActiveCfg = Debug|Win32
		{C972A131-5F31-4AEF-9637-17DCF8A8F655}.Debug|x86.Build.0 = Debug|Win32
		{C972A131-5F31-4AEF-9637-17DCF8A8F655}.Release|Any CPU.ActiveCfg = Release|Win32
		{C972A131-5F31-4AEF-9637-17DCF8A8F655}.Release|x64.ActiveCfg = Release|x64
		{C972A131-5F31-4AEF-9637-17DCF8A8F655}.Release|x64.Build.0 = Release|x64
		{C972A131-5F31-4AEF-9637-17DCF8A8F655}.Release|x86.ActiveCfg = Release|Win32
		{C972A131-5F31-4AEF-9637-17DCF8A8F655}.Release|x86.Build.0 = Release|Win32
		{F1C057CB-A882-46E7-B8D2-F6B0FB6E9E3B}.Debug|Any CPU.ActiveCfg = Debug|Win32
		{F1C057CB-A882-46E7-B8D2-F6B0FB6E9E3B}.Debug|x64.ActiveCfg = Debug|x64
		{F1C057CB-A882-46E7-B8D2-F6B0FB6E9E3B}.Debug|x64.Build.0 = Debug|x64
		{F1C057CB-A882-46E7-B8D2-F6B0FB6E9E3B}.Debug|x86.ActiveCfg = Debug|Win32
		{F1C057CB-A882-46E7-B8D2-F6B0FB6E9E3B}.Debug|x86.Build.0 = Debug|Win32
		{F1C057CB-A882-46E7-B8D2-F6B0FB6E9E3B}.Release|Any CPU.ActiveCfg = Release|Win32
		{F1C057CB-A882-46E7-B8D2-F6B0FB6E9E3B}.Release|x64.ActiveCfg = Release|x64
		{F1C057CB-A882-46E7-B8D2-F6B0FB6E9E3B}.Release|x64.Build.0 = Release|x64
		{F1C057CB-A882-46E7-B8D2-F6B0FB6E9E3B}.Release|x86.ActiveCfg = Release|Win32
		{F1C057CB-A882-46E7-B8D2-F6B0FB6E9E3B}.Release|x86.Build.0 = Release|Win32
		{0FE8D130-000A-4268-AECA-B906818D4432}.Debug|Any CPU.ActiveCfg = Debug|Win32
		{0FE8D130-000A-4268-AECA-B906818D4432}.Debug|x64.ActiveCfg = Debug|x64
		{0FE8D130-000A-4268-AECA-B906818D4432}.Debug|x64.Build.0 = Debug|x64
		{0FE8D130-000A-4268-AECA-B906818D4432}.Debug|x86.ActiveCfg = Debug|Win32
		{0FE8D130-000A-4268-AECA-B906818D4432}.Debug|x86.Build.0 = Debug|Win32
		{0FE8D130-000A-4268-AECA-B906818D4432}.Release|Any CPU.ActiveCfg = Release|Win32
		{0FE8D130-000A-4268-AECA-B906818D4432}.Release|x64.ActiveCfg = Release|x64
		{0FE8D130-000A-4268-AECA-B906818D4432}.Release|x64.Build.0 = Release|x64
		{0FE8D130-000A-4268-AECA-B906818D4432}.Release|x86.ActiveCfg = Release|Win32
		{0FE8D130-000A-4268-AECA-B906818D4432}.Release|x86.Build.0 = Release|Win32
		{C8956C17-DE67-4AF1-83D7-A4E7C6BD8F31}.Debug|Any CPU.ActiveCfg = Debug|Win32
		{C8956C17-DE67-4AF1-83D7-A4E7C6BD8F31}.Debug|x64.ActiveCfg = Debug|x64
		{C8956C17-DE67-4AF1-83D7-A4E7C6BD8F31}.Debug|x64.Build.0 = Debug|x64
		{C8956C17-DE67-4AF1-83D7-A4E7C6BD8F31}.Debug|x86.ActiveCfg = Debug|Win32
		{C8956C17-DE67-4AF1-83D7-A4E7C6BD8F31}.Debug|x86.Build.0 = Debug|Win32
		{C8956C17-DE67-4AF1-83D7-A4E7C6BD8F31}.Release|Any CPU.ActiveCfg = Release|Win32
		{C8956C17-DE67-4AF1-83D7-A4E7C6BD8F31}.Release|x64.ActiveCfg = Release|x64
		{C8956C17-DE67-4AF1-83D7-A4E7C6BD8F31}.Release|x64.Build.0 = Release|x64
		{C8956C17-DE67-4AF1-83D7-A4E7C6BD8F31}.Release|x86.ActiveCfg = Release|Win32
		{C8956C17-DE67-4AF1-83D7-A4E7C6BD8F31}.Release|x86.Build.0 = Release|Win32
		{6A2969DB-1F86-4353-AFE4-E7FF78C06E5E}.Debug|Any CPU.ActiveCfg = Debug|Win32
		{6A2969DB-1F86-4353-AFE4-E7FF78C06E5E}.Debug|x64.ActiveCfg = Debug|x64
		{6A2969DB-1F86-4353-AFE4-E7FF78C06E5E}.Debug|x64.Build.0 = Debug|x64
		{6A2969DB-1F86-4353-AFE4-E7FF78C06E5E}.Debug|x86.ActiveCfg = Debug|Win32
		{6A2969DB-1F86-4353-AFE4-E7FF78C06E5E}.Debug|x86.Build.0 = Debug|Win32
		{6A2969DB-1F86-4353-AFE4-E7FF78C06E5E}.Release|Any CPU.ActiveCfg = Release|Win32
		{6A2969DB-1F86-4353-AFE4-E7FF78C06E5E}.Release|x64.ActiveCfg = Release|x64
		{6A2969DB-1F86-4353-AFE4-E7FF78C06E5E}.Release|x64.Build.0 = Release|x64
		{6A2969DB-1F86-4353-AFE4-E7FF78C06E5E}.Release|x86.ActiveCfg = Release|Win32
		{6A2969DB-1F86-4353-AFE4-E7FF78C06E5E}.Release|x86.Build.0 = Release|Win32
		{C804F088-40E5-42EA-8ABA-A34CAD6F60F3}.Debug|Any CPU.ActiveCfg = Debug|Win32
		{C804F088-40E5-42EA-8ABA-A34CAD6F60F3}.Debug|x64.ActiveCfg = Debug|x64
		{C804F088-40E5-42EA-8ABA-A34CAD6F60F3}.Debug|x64.Build.0 = Debug|x64
		{C804F088-40E5-42EA-8ABA-A34CAD6F60F3}.Debug|x86.ActiveCfg = Debug|Win32
		{C804F088-40E5-42EA-8ABA-A34CAD6F60F3}.Debug|x86.Build.0 = Debug|Win32
		{C804F088-40E5-42EA-8ABA-A34CAD6F60F3}.Release|Any CPU.ActiveCfg = Release|Win32
		{C804F088-40E5-42EA-8ABA-A34CAD6F60F3}.Release|x64.ActiveCfg = Release|x64
		{C804F088-40E5-42EA-8ABA-A34CAD6F60F3}.Release|x64.Build.0 = Release|x64
		{C804F088-40E5-42EA-8ABA-A34CAD6F60F3}.Release|x86.ActiveCfg = Release|Win32
		{C804F088-40E5-42EA-8ABA-A34CAD6F60F3}.Release|x86.Build.0 = Release|Win32
		{FADDFB1A-EB57-4D2A-A1A9-765B379C6F74}.Debug|Any CPU.ActiveCfg = Debug|Win32
		{FADDFB1A-EB57-4D2A-A1A9-765B379C6F74}.Debug|x64.ActiveCfg = Debug|x64
		{FADDFB1A-EB57-4D2A-A1A9-765B379C6F74}.Debug|x64.Build.0 = Debug|x64
		{FADDFB1A-EB57-4D2A-A1A9-765B379C6F74}.Debug|x86.ActiveCfg = Debug|Win32
		{FADDFB1A-EB57-4D2A-A1A9-765B379C6F74}.Debug|x86.Build.0 = Debug|Win32
		{FADDFB1A-EB57-4D2A-A1A9-765B379C6F74}.Release|Any CPU.ActiveCfg = Release|Win32
		{FADDFB1A-EB57-4D2A-A1A9-765B379C6F74}.Release|x64.ActiveCfg = Release|x64
		{FADDFB1A-EB57-4D2A-A1A9-765B379C6F74}.Release|x64.Build.0 = Release|x64
		{FADDFB1A-EB57-4D2A-A1A9-765B379C6F74}.Release|x86.ActiveCfg = Release|Win32
		{FADDFB1A-EB57-4D2A-A1A9-765B379C6F74}.Release|x86.Build.0 = Release|Win32
		{2AC0ED72-1D46-47D0-9695-DDF1998784E9}.Debug|Any CPU.ActiveCfg = Debug|Any CPU
		{2AC0ED72-1D46-47D0-9695-DDF1998784E9}.Debug|Any CPU.Build.0 = Debug|Any CPU
		{2AC0ED72-1D46-47D0-9695-DDF1998784E9}.Debug|x64.ActiveCfg = Debug|Any CPU
		{2AC0ED72-1D46-47D0-9695-DDF1998784E9}.Debug|x64.Build.0 = Debug|Any CPU
		{2AC0ED72-1D46-47D0-9695-DDF1998784E9}.Debug|x86.ActiveCfg = Debug|Any CPU
		{2AC0ED72-1D46-47D0-9695-DDF1998784E9}.Debug|x86.Build.0 = Debug|Any CPU
		{2AC0ED72-1D46-47D0-9695-DDF1998784E9}.Release|Any CPU.ActiveCfg = Release|Any CPU
		{2AC0ED72-1D46-47D0-9695-DDF1998784E9}.Release|Any CPU.Build.0 = Release|Any CPU
		{2AC0ED72-1D46-47D0-9695-DDF1998784E9}.Release|x64.ActiveCfg = Release|Any CPU
		{2AC0ED72-1D46-47D0-9695-DDF1998784E9}.Release|x64.Build.0 = Release|Any CPU
		{2AC0ED72-1D46-47D0-9695-DDF1998784E9}.Release|x86.ActiveCfg = Release|Any CPU
		{2AC0ED72-1D46-47D0-9695-DDF1998784E9}.Release|x86.Build.0 = Release|Any CPU
		{C77ABA41-CDCB-4426-9448-EB1EC0413060}.Debug|Any CPU.ActiveCfg = Debug|Any CPU
		{C77ABA41-CDCB-4426-9448-EB1EC0413060}.Debug|Any CPU.Build.0 = Debug|Any CPU
		{C77ABA41-CDCB-4426-9448-EB1EC0413060}.Debug|x64.ActiveCfg = Debug|Any CPU
		{C77ABA41-CDCB-4426-9448-EB1EC0413060}.Debug|x64.Build.0 = Debug|Any CPU
		{C77ABA41-CDCB-4426-9448-EB1EC0413060}.Debug|x86.ActiveCfg = Debug|Any CPU
		{C77ABA41-CDCB-4426-9448-EB1EC0413060}.Debug|x86.Build.0 = Debug|Any CPU
		{C77ABA41-CDCB-4426-9448-EB1EC0413060}.Release|Any CPU.ActiveCfg = Release|Any CPU
		{C77ABA41-CDCB-4426-9448-EB1EC0413060}.Release|Any CPU.Build.0 = Release|Any CPU
		{C77ABA41-CDCB-4426-9448-EB1EC0413060}.Release|x64.ActiveCfg = Release|Any CPU
		{C77ABA41-CDCB-4426-9448-EB1EC0413060}.Release|x64.Build.0 = Release|Any CPU
		{C77ABA41-CDCB-4426-9448-EB1EC0413060}.Release|x86.ActiveCfg = Release|Any CPU
		{C77ABA41-CDCB-4426-9448-EB1EC0413060}.Release|x86.Build.0 = Release|Any CPU
		{1297A5F0-E2A0-49DB-B455-73905C70D936}.Debug|Any CPU.ActiveCfg = Debug|Any CPU
		{1297A5F0-E2A0-49DB-B455-73905C70D936}.Debug|Any CPU.Build.0 = Debug|Any CPU
		{1297A5F0-E2A0-49DB-B455-73905C70D936}.Debug|x64.ActiveCfg = Debug|Any CPU
		{1297A5F0-E2A0-49DB-B455-73905C70D936}.Debug|x64.Build.0 = Debug|Any CPU
		{1297A5F0-E2A0-49DB-B455-73905C70D936}.Debug|x86.ActiveCfg = Debug|Any CPU
		{1297A5F0-E2A0-49DB-B455-73905C70D936}.Debug|x86.Build.0 = Debug|Any CPU
		{1297A5F0-E2A0-49DB-B455-73905C70D936}.Release|Any CPU.ActiveCfg = Release|Any CPU
		{1297A5F0-E2A0-49DB-B455-73905C70D936}.Release|Any CPU.Build.0 = Release|Any CPU
		{1297A5F0-E2A0-49DB-B455-73905C70D936}.Release|x64.ActiveCfg = Release|Any CPU
		{1297A5F0-E2A0-49DB-B455-73905C70D936}.Release|x64.Build.0 = Release|Any CPU
		{1297A5F0-E2A0-49DB-B455-73905C70D936}.Release|x86.ActiveCfg = Release|Any CPU
		{1297A5F0-E2A0-49DB-B455-73905C70D936}.Release|x86.Build.0 = Release|Any CPU
		{708002B0-691F-477F-B995-20C9533742C6}.Debug|Any CPU.ActiveCfg = Debug|Any CPU
		{708002B0-691F-477F-B995-20C9533742C6}.Debug|Any CPU.Build.0 = Debug|Any CPU
		{708002B0-691F-477F-B995-20C9533742C6}.Debug|x64.ActiveCfg = Debug|Any CPU
		{708002B0-691F-477F-B995-20C9533742C6}.Debug|x64.Build.0 = Debug|Any CPU
		{708002B0-691F-477F-B995-20C9533742C6}.Debug|x86.ActiveCfg = Debug|Any CPU
		{708002B0-691F-477F-B995-20C9533742C6}.Debug|x86.Build.0 = Debug|Any CPU
		{708002B0-691F-477F-B995-20C9533742C6}.Release|Any CPU.ActiveCfg = Release|Any CPU
		{708002B0-691F-477F-B995-20C9533742C6}.Release|Any CPU.Build.0 = Release|Any CPU
		{708002B0-691F-477F-B995-20C9533742C6}.Release|x64.ActiveCfg = Release|Any CPU
		{708002B0-691F-477F-B995-20C9533742C6}.Release|x64.Build.0 = Release|Any CPU
		{708002B0-691F-477F-B995-20C9533742C6}.Release|x86.ActiveCfg = Release|Any CPU
		{708002B0-691F-477F-B995-20C9533742C6}.Release|x86.Build.0 = Release|Any CPU
		{2FF64367-C392-4B22-8672-FA7A3705E947}.Debug|Any CPU.ActiveCfg = Debug|Any CPU
		{2FF64367-C392-4B22-8672-FA7A3705E947}.Debug|Any CPU.Build.0 = Debug|Any CPU
		{2FF64367-C392-4B22-8672-FA7A3705E947}.Debug|x64.ActiveCfg = Debug|Any CPU
		{2FF64367-C392-4B22-8672-FA7A3705E947}.Debug|x64.Build.0 = Debug|Any CPU
		{2FF64367-C392-4B22-8672-FA7A3705E947}.Debug|x86.ActiveCfg = Debug|Any CPU
		{2FF64367-C392-4B22-8672-FA7A3705E947}.Debug|x86.Build.0 = Debug|Any CPU
		{2FF64367-C392-4B22-8672-FA7A3705E947}.Release|Any CPU.ActiveCfg = Release|Any CPU
		{2FF64367-C392-4B22-8672-FA7A3705E947}.Release|Any CPU.Build.0 = Release|Any CPU
		{2FF64367-C392-4B22-8672-FA7A3705E947}.Release|x64.ActiveCfg = Release|Any CPU
		{2FF64367-C392-4B22-8672-FA7A3705E947}.Release|x64.Build.0 = Release|Any CPU
		{2FF64367-C392-4B22-8672-FA7A3705E947}.Release|x86.ActiveCfg = Release|Any CPU
		{2FF64367-C392-4B22-8672-FA7A3705E947}.Release|x86.Build.0 = Release|Any CPU
		{99651629-D98D-4C07-AF73-ED3837131974}.Debug|Any CPU.ActiveCfg = Debug|Any CPU
		{99651629-D98D-4C07-AF73-ED3837131974}.Debug|Any CPU.Build.0 = Debug|Any CPU
		{99651629-D98D-4C07-AF73-ED3837131974}.Debug|x64.ActiveCfg = Debug|Any CPU
		{99651629-D98D-4C07-AF73-ED3837131974}.Debug|x64.Build.0 = Debug|Any CPU
		{99651629-D98D-4C07-AF73-ED3837131974}.Debug|x86.ActiveCfg = Debug|Any CPU
		{99651629-D98D-4C07-AF73-ED3837131974}.Debug|x86.Build.0 = Debug|Any CPU
		{99651629-D98D-4C07-AF73-ED3837131974}.Release|Any CPU.ActiveCfg = Release|Any CPU
		{99651629-D98D-4C07-AF73-ED3837131974}.Release|Any CPU.Build.0 = Release|Any CPU
		{99651629-D98D-4C07-AF73-ED3837131974}.Release|x64.ActiveCfg = Release|Any CPU
		{99651629-D98D-4C07-AF73-ED3837131974}.Release|x64.Build.0 = Release|Any CPU
		{99651629-D98D-4C07-AF73-ED3837131974}.Release|x86.ActiveCfg = Release|Any CPU
		{99651629-D98D-4C07-AF73-ED3837131974}.Release|x86.Build.0 = Release|Any CPU
		{4047559E-04BB-44D2-A7BF-DA7087C3C29C}.Debug|Any CPU.ActiveCfg = Debug|Any CPU
		{4047559E-04BB-44D2-A7BF-DA7087C3C29C}.Debug|Any CPU.Build.0 = Debug|Any CPU
		{4047559E-04BB-44D2-A7BF-DA7087C3C29C}.Debug|x64.ActiveCfg = Debug|Any CPU
		{4047559E-04BB-44D2-A7BF-DA7087C3C29C}.Debug|x64.Build.0 = Debug|Any CPU
		{4047559E-04BB-44D2-A7BF-DA7087C3C29C}.Debug|x86.ActiveCfg = Debug|Any CPU
		{4047559E-04BB-44D2-A7BF-DA7087C3C29C}.Debug|x86.Build.0 = Debug|Any CPU
		{4047559E-04BB-44D2-A7BF-DA7087C3C29C}.Release|Any CPU.ActiveCfg = Release|Any CPU
		{4047559E-04BB-44D2-A7BF-DA7087C3C29C}.Release|Any CPU.Build.0 = Release|Any CPU
		{4047559E-04BB-44D2-A7BF-DA7087C3C29C}.Release|x64.ActiveCfg = Release|Any CPU
		{4047559E-04BB-44D2-A7BF-DA7087C3C29C}.Release|x64.Build.0 = Release|Any CPU
		{4047559E-04BB-44D2-A7BF-DA7087C3C29C}.Release|x86.ActiveCfg = Release|Any CPU
		{4047559E-04BB-44D2-A7BF-DA7087C3C29C}.Release|x86.Build.0 = Release|Any CPU
		{A9D4A264-7C94-44A8-A643-FB90E41D4842}.Debug|Any CPU.ActiveCfg = Debug|Any CPU
		{A9D4A264-7C94-44A8-A643-FB90E41D4842}.Debug|Any CPU.Build.0 = Debug|Any CPU
		{A9D4A264-7C94-44A8-A643-FB90E41D4842}.Debug|x64.ActiveCfg = Debug|Any CPU
		{A9D4A264-7C94-44A8-A643-FB90E41D4842}.Debug|x64.Build.0 = Debug|Any CPU
		{A9D4A264-7C94-44A8-A643-FB90E41D4842}.Debug|x86.ActiveCfg = Debug|Any CPU
		{A9D4A264-7C94-44A8-A643-FB90E41D4842}.Debug|x86.Build.0 = Debug|Any CPU
		{A9D4A264-7C94-44A8-A643-FB90E41D4842}.Release|Any CPU.ActiveCfg = Release|Any CPU
		{A9D4A264-7C94-44A8-A643-FB90E41D4842}.Release|Any CPU.Build.0 = Release|Any CPU
		{A9D4A264-7C94-44A8-A643-FB90E41D4842}.Release|x64.ActiveCfg = Release|Any CPU
		{A9D4A264-7C94-44A8-A643-FB90E41D4842}.Release|x64.Build.0 = Release|Any CPU
		{A9D4A264-7C94-44A8-A643-FB90E41D4842}.Release|x86.ActiveCfg = Release|Any CPU
		{A9D4A264-7C94-44A8-A643-FB90E41D4842}.Release|x86.Build.0 = Release|Any CPU
		{72A316CF-F4BE-4E42-94E2-3B1A14A3CB1A}.Debug|Any CPU.ActiveCfg = Debug|Any CPU
		{72A316CF-F4BE-4E42-94E2-3B1A14A3CB1A}.Debug|Any CPU.Build.0 = Debug|Any CPU
		{72A316CF-F4BE-4E42-94E2-3B1A14A3CB1A}.Debug|x64.ActiveCfg = Debug|Any CPU
		{72A316CF-F4BE-4E42-94E2-3B1A14A3CB1A}.Debug|x64.Build.0 = Debug|Any CPU
		{72A316CF-F4BE-4E42-94E2-3B1A14A3CB1A}.Debug|x86.ActiveCfg = Debug|Any CPU
		{72A316CF-F4BE-4E42-94E2-3B1A14A3CB1A}.Debug|x86.Build.0 = Debug|Any CPU
		{72A316CF-F4BE-4E42-94E2-3B1A14A3CB1A}.Release|Any CPU.ActiveCfg = Release|Any CPU
		{72A316CF-F4BE-4E42-94E2-3B1A14A3CB1A}.Release|Any CPU.Build.0 = Release|Any CPU
		{72A316CF-F4BE-4E42-94E2-3B1A14A3CB1A}.Release|x64.ActiveCfg = Release|Any CPU
		{72A316CF-F4BE-4E42-94E2-3B1A14A3CB1A}.Release|x64.Build.0 = Release|Any CPU
		{72A316CF-F4BE-4E42-94E2-3B1A14A3CB1A}.Release|x86.ActiveCfg = Release|Any CPU
		{72A316CF-F4BE-4E42-94E2-3B1A14A3CB1A}.Release|x86.Build.0 = Release|Any CPU
		{B5D27845-22FC-44F8-A62C-3F9FD4B58EF6}.Debug|Any CPU.ActiveCfg = Debug|Any CPU
		{B5D27845-22FC-44F8-A62C-3F9FD4B58EF6}.Debug|Any CPU.Build.0 = Debug|Any CPU
		{B5D27845-22FC-44F8-A62C-3F9FD4B58EF6}.Debug|x64.ActiveCfg = Debug|Any CPU
		{B5D27845-22FC-44F8-A62C-3F9FD4B58EF6}.Debug|x64.Build.0 = Debug|Any CPU
		{B5D27845-22FC-44F8-A62C-3F9FD4B58EF6}.Debug|x86.ActiveCfg = Debug|Any CPU
		{B5D27845-22FC-44F8-A62C-3F9FD4B58EF6}.Debug|x86.Build.0 = Debug|Any CPU
		{B5D27845-22FC-44F8-A62C-3F9FD4B58EF6}.Release|Any CPU.ActiveCfg = Release|Any CPU
		{B5D27845-22FC-44F8-A62C-3F9FD4B58EF6}.Release|Any CPU.Build.0 = Release|Any CPU
		{B5D27845-22FC-44F8-A62C-3F9FD4B58EF6}.Release|x64.ActiveCfg = Release|Any CPU
		{B5D27845-22FC-44F8-A62C-3F9FD4B58EF6}.Release|x64.Build.0 = Release|Any CPU
		{B5D27845-22FC-44F8-A62C-3F9FD4B58EF6}.Release|x86.ActiveCfg = Release|Any CPU
		{B5D27845-22FC-44F8-A62C-3F9FD4B58EF6}.Release|x86.Build.0 = Release|Any CPU
		{ABA9CCC9-329E-4012-B81E-40B6905152CF}.Debug|Any CPU.ActiveCfg = Debug|Any CPU
		{ABA9CCC9-329E-4012-B81E-40B6905152CF}.Debug|Any CPU.Build.0 = Debug|Any CPU
		{ABA9CCC9-329E-4012-B81E-40B6905152CF}.Debug|x64.ActiveCfg = Debug|Any CPU
		{ABA9CCC9-329E-4012-B81E-40B6905152CF}.Debug|x64.Build.0 = Debug|Any CPU
		{ABA9CCC9-329E-4012-B81E-40B6905152CF}.Debug|x86.ActiveCfg = Debug|Any CPU
		{ABA9CCC9-329E-4012-B81E-40B6905152CF}.Debug|x86.Build.0 = Debug|Any CPU
		{ABA9CCC9-329E-4012-B81E-40B6905152CF}.Release|Any CPU.ActiveCfg = Release|Any CPU
		{ABA9CCC9-329E-4012-B81E-40B6905152CF}.Release|Any CPU.Build.0 = Release|Any CPU
		{ABA9CCC9-329E-4012-B81E-40B6905152CF}.Release|x64.ActiveCfg = Release|Any CPU
		{ABA9CCC9-329E-4012-B81E-40B6905152CF}.Release|x64.Build.0 = Release|Any CPU
		{ABA9CCC9-329E-4012-B81E-40B6905152CF}.Release|x86.ActiveCfg = Release|Any CPU
		{ABA9CCC9-329E-4012-B81E-40B6905152CF}.Release|x86.Build.0 = Release|Any CPU
		{49DEEA2B-36DA-4E1D-B536-0AE28EA89C50}.Debug|Any CPU.ActiveCfg = Debug|Any CPU
		{49DEEA2B-36DA-4E1D-B536-0AE28EA89C50}.Debug|Any CPU.Build.0 = Debug|Any CPU
		{49DEEA2B-36DA-4E1D-B536-0AE28EA89C50}.Debug|x64.ActiveCfg = Debug|Any CPU
		{49DEEA2B-36DA-4E1D-B536-0AE28EA89C50}.Debug|x64.Build.0 = Debug|Any CPU
		{49DEEA2B-36DA-4E1D-B536-0AE28EA89C50}.Debug|x86.ActiveCfg = Debug|Any CPU
		{49DEEA2B-36DA-4E1D-B536-0AE28EA89C50}.Debug|x86.Build.0 = Debug|Any CPU
		{49DEEA2B-36DA-4E1D-B536-0AE28EA89C50}.Release|Any CPU.ActiveCfg = Release|Any CPU
		{49DEEA2B-36DA-4E1D-B536-0AE28EA89C50}.Release|Any CPU.Build.0 = Release|Any CPU
		{49DEEA2B-36DA-4E1D-B536-0AE28EA89C50}.Release|x64.ActiveCfg = Release|Any CPU
		{49DEEA2B-36DA-4E1D-B536-0AE28EA89C50}.Release|x64.Build.0 = Release|Any CPU
		{49DEEA2B-36DA-4E1D-B536-0AE28EA89C50}.Release|x86.ActiveCfg = Release|Any CPU
		{49DEEA2B-36DA-4E1D-B536-0AE28EA89C50}.Release|x86.Build.0 = Release|Any CPU
		{638D6F84-7781-4B9B-A7E2-59AFFC40B12D}.Debug|Any CPU.ActiveCfg = Debug|Any CPU
		{638D6F84-7781-4B9B-A7E2-59AFFC40B12D}.Debug|Any CPU.Build.0 = Debug|Any CPU
		{638D6F84-7781-4B9B-A7E2-59AFFC40B12D}.Debug|x64.ActiveCfg = Debug|Any CPU
		{638D6F84-7781-4B9B-A7E2-59AFFC40B12D}.Debug|x64.Build.0 = Debug|Any CPU
		{638D6F84-7781-4B9B-A7E2-59AFFC40B12D}.Debug|x86.ActiveCfg = Debug|Any CPU
		{638D6F84-7781-4B9B-A7E2-59AFFC40B12D}.Debug|x86.Build.0 = Debug|Any CPU
		{638D6F84-7781-4B9B-A7E2-59AFFC40B12D}.Release|Any CPU.ActiveCfg = Release|Any CPU
		{638D6F84-7781-4B9B-A7E2-59AFFC40B12D}.Release|Any CPU.Build.0 = Release|Any CPU
		{638D6F84-7781-4B9B-A7E2-59AFFC40B12D}.Release|x64.ActiveCfg = Release|Any CPU
		{638D6F84-7781-4B9B-A7E2-59AFFC40B12D}.Release|x64.Build.0 = Release|Any CPU
		{638D6F84-7781-4B9B-A7E2-59AFFC40B12D}.Release|x86.ActiveCfg = Release|Any CPU
		{638D6F84-7781-4B9B-A7E2-59AFFC40B12D}.Release|x86.Build.0 = Release|Any CPU
		{18A296E2-C97C-4D38-8CB0-A46BB2CD2D62}.Debug|Any CPU.ActiveCfg = Debug|Any CPU
		{18A296E2-C97C-4D38-8CB0-A46BB2CD2D62}.Debug|Any CPU.Build.0 = Debug|Any CPU
		{18A296E2-C97C-4D38-8CB0-A46BB2CD2D62}.Debug|x64.ActiveCfg = Debug|Any CPU
		{18A296E2-C97C-4D38-8CB0-A46BB2CD2D62}.Debug|x64.Build.0 = Debug|Any CPU
		{18A296E2-C97C-4D38-8CB0-A46BB2CD2D62}.Debug|x86.ActiveCfg = Debug|Any CPU
		{18A296E2-C97C-4D38-8CB0-A46BB2CD2D62}.Debug|x86.Build.0 = Debug|Any CPU
		{18A296E2-C97C-4D38-8CB0-A46BB2CD2D62}.Release|Any CPU.ActiveCfg = Release|Any CPU
		{18A296E2-C97C-4D38-8CB0-A46BB2CD2D62}.Release|Any CPU.Build.0 = Release|Any CPU
		{18A296E2-C97C-4D38-8CB0-A46BB2CD2D62}.Release|x64.ActiveCfg = Release|Any CPU
		{18A296E2-C97C-4D38-8CB0-A46BB2CD2D62}.Release|x64.Build.0 = Release|Any CPU
		{18A296E2-C97C-4D38-8CB0-A46BB2CD2D62}.Release|x86.ActiveCfg = Release|Any CPU
		{18A296E2-C97C-4D38-8CB0-A46BB2CD2D62}.Release|x86.Build.0 = Release|Any CPU
		{E83A44A0-7CC6-4A37-AC6A-74CD7AFED49A}.Debug|Any CPU.ActiveCfg = Debug|Any CPU
		{E83A44A0-7CC6-4A37-AC6A-74CD7AFED49A}.Debug|Any CPU.Build.0 = Debug|Any CPU
		{E83A44A0-7CC6-4A37-AC6A-74CD7AFED49A}.Debug|x64.ActiveCfg = Debug|Any CPU
		{E83A44A0-7CC6-4A37-AC6A-74CD7AFED49A}.Debug|x64.Build.0 = Debug|Any CPU
		{E83A44A0-7CC6-4A37-AC6A-74CD7AFED49A}.Debug|x86.ActiveCfg = Debug|Any CPU
		{E83A44A0-7CC6-4A37-AC6A-74CD7AFED49A}.Debug|x86.Build.0 = Debug|Any CPU
		{E83A44A0-7CC6-4A37-AC6A-74CD7AFED49A}.Release|Any CPU.ActiveCfg = Release|Any CPU
		{E83A44A0-7CC6-4A37-AC6A-74CD7AFED49A}.Release|Any CPU.Build.0 = Release|Any CPU
		{E83A44A0-7CC6-4A37-AC6A-74CD7AFED49A}.Release|x64.ActiveCfg = Release|Any CPU
		{E83A44A0-7CC6-4A37-AC6A-74CD7AFED49A}.Release|x64.Build.0 = Release|Any CPU
		{E83A44A0-7CC6-4A37-AC6A-74CD7AFED49A}.Release|x86.ActiveCfg = Release|Any CPU
		{E83A44A0-7CC6-4A37-AC6A-74CD7AFED49A}.Release|x86.Build.0 = Release|Any CPU
		{11236146-5874-4B82-8986-B2D2C32C3225}.Debug|Any CPU.ActiveCfg = Debug|Win32
		{11236146-5874-4B82-8986-B2D2C32C3225}.Debug|x64.ActiveCfg = Debug|x64
		{11236146-5874-4B82-8986-B2D2C32C3225}.Debug|x64.Build.0 = Debug|x64
		{11236146-5874-4B82-8986-B2D2C32C3225}.Debug|x86.ActiveCfg = Debug|Win32
		{11236146-5874-4B82-8986-B2D2C32C3225}.Debug|x86.Build.0 = Debug|Win32
		{11236146-5874-4B82-8986-B2D2C32C3225}.Release|Any CPU.ActiveCfg = Release|Win32
		{11236146-5874-4B82-8986-B2D2C32C3225}.Release|x64.ActiveCfg = Release|x64
		{11236146-5874-4B82-8986-B2D2C32C3225}.Release|x64.Build.0 = Release|x64
		{11236146-5874-4B82-8986-B2D2C32C3225}.Release|x86.ActiveCfg = Release|Win32
		{11236146-5874-4B82-8986-B2D2C32C3225}.Release|x86.Build.0 = Release|Win32
		{F891CC65-3750-49E8-9B2E-866B78CCF949}.Debug|Any CPU.ActiveCfg = Debug|Any CPU
		{F891CC65-3750-49E8-9B2E-866B78CCF949}.Debug|Any CPU.Build.0 = Debug|Any CPU
		{F891CC65-3750-49E8-9B2E-866B78CCF949}.Debug|x64.ActiveCfg = Debug|Any CPU
		{F891CC65-3750-49E8-9B2E-866B78CCF949}.Debug|x64.Build.0 = Debug|Any CPU
		{F891CC65-3750-49E8-9B2E-866B78CCF949}.Debug|x86.ActiveCfg = Debug|Any CPU
		{F891CC65-3750-49E8-9B2E-866B78CCF949}.Debug|x86.Build.0 = Debug|Any CPU
		{F891CC65-3750-49E8-9B2E-866B78CCF949}.Release|Any CPU.ActiveCfg = Release|Any CPU
		{F891CC65-3750-49E8-9B2E-866B78CCF949}.Release|Any CPU.Build.0 = Release|Any CPU
		{F891CC65-3750-49E8-9B2E-866B78CCF949}.Release|x64.ActiveCfg = Release|Any CPU
		{F891CC65-3750-49E8-9B2E-866B78CCF949}.Release|x64.Build.0 = Release|Any CPU
		{F891CC65-3750-49E8-9B2E-866B78CCF949}.Release|x86.ActiveCfg = Release|Any CPU
		{F891CC65-3750-49E8-9B2E-866B78CCF949}.Release|x86.Build.0 = Release|Any CPU
		{1ECB4FC9-8E87-4869-91B4-AF5AAF59D193}.Debug|Any CPU.ActiveCfg = Debug|Any CPU
		{1ECB4FC9-8E87-4869-91B4-AF5AAF59D193}.Debug|Any CPU.Build.0 = Debug|Any CPU
		{1ECB4FC9-8E87-4869-91B4-AF5AAF59D193}.Debug|x64.ActiveCfg = Debug|Any CPU
		{1ECB4FC9-8E87-4869-91B4-AF5AAF59D193}.Debug|x64.Build.0 = Debug|Any CPU
		{1ECB4FC9-8E87-4869-91B4-AF5AAF59D193}.Debug|x86.ActiveCfg = Debug|Any CPU
		{1ECB4FC9-8E87-4869-91B4-AF5AAF59D193}.Debug|x86.Build.0 = Debug|Any CPU
		{1ECB4FC9-8E87-4869-91B4-AF5AAF59D193}.Release|Any CPU.ActiveCfg = Release|Any CPU
		{1ECB4FC9-8E87-4869-91B4-AF5AAF59D193}.Release|Any CPU.Build.0 = Release|Any CPU
		{1ECB4FC9-8E87-4869-91B4-AF5AAF59D193}.Release|x64.ActiveCfg = Release|Any CPU
		{1ECB4FC9-8E87-4869-91B4-AF5AAF59D193}.Release|x64.Build.0 = Release|Any CPU
		{1ECB4FC9-8E87-4869-91B4-AF5AAF59D193}.Release|x86.ActiveCfg = Release|Any CPU
		{1ECB4FC9-8E87-4869-91B4-AF5AAF59D193}.Release|x86.Build.0 = Release|Any CPU
		{487650F6-2E74-4CB2-9789-758B8EF6893D}.Debug|Any CPU.ActiveCfg = Debug|Any CPU
		{487650F6-2E74-4CB2-9789-758B8EF6893D}.Debug|Any CPU.Build.0 = Debug|Any CPU
		{487650F6-2E74-4CB2-9789-758B8EF6893D}.Debug|x64.ActiveCfg = Debug|Any CPU
		{487650F6-2E74-4CB2-9789-758B8EF6893D}.Debug|x64.Build.0 = Debug|Any CPU
		{487650F6-2E74-4CB2-9789-758B8EF6893D}.Debug|x86.ActiveCfg = Debug|Any CPU
		{487650F6-2E74-4CB2-9789-758B8EF6893D}.Debug|x86.Build.0 = Debug|Any CPU
		{487650F6-2E74-4CB2-9789-758B8EF6893D}.Release|Any CPU.ActiveCfg = Release|Any CPU
		{487650F6-2E74-4CB2-9789-758B8EF6893D}.Release|Any CPU.Build.0 = Release|Any CPU
		{487650F6-2E74-4CB2-9789-758B8EF6893D}.Release|x64.ActiveCfg = Release|Any CPU
		{487650F6-2E74-4CB2-9789-758B8EF6893D}.Release|x64.Build.0 = Release|Any CPU
		{487650F6-2E74-4CB2-9789-758B8EF6893D}.Release|x86.ActiveCfg = Release|Any CPU
		{487650F6-2E74-4CB2-9789-758B8EF6893D}.Release|x86.Build.0 = Release|Any CPU
		{BEE9F06D-3083-49C8-9027-879036B671FB}.Debug|Any CPU.ActiveCfg = Debug|Any CPU
		{BEE9F06D-3083-49C8-9027-879036B671FB}.Debug|Any CPU.Build.0 = Debug|Any CPU
		{BEE9F06D-3083-49C8-9027-879036B671FB}.Debug|x64.ActiveCfg = Debug|Any CPU
		{BEE9F06D-3083-49C8-9027-879036B671FB}.Debug|x64.Build.0 = Debug|Any CPU
		{BEE9F06D-3083-49C8-9027-879036B671FB}.Debug|x86.ActiveCfg = Debug|Any CPU
		{BEE9F06D-3083-49C8-9027-879036B671FB}.Debug|x86.Build.0 = Debug|Any CPU
		{BEE9F06D-3083-49C8-9027-879036B671FB}.Release|Any CPU.ActiveCfg = Release|Any CPU
		{BEE9F06D-3083-49C8-9027-879036B671FB}.Release|Any CPU.Build.0 = Release|Any CPU
		{BEE9F06D-3083-49C8-9027-879036B671FB}.Release|x64.ActiveCfg = Release|Any CPU
		{BEE9F06D-3083-49C8-9027-879036B671FB}.Release|x64.Build.0 = Release|Any CPU
		{BEE9F06D-3083-49C8-9027-879036B671FB}.Release|x86.ActiveCfg = Release|Any CPU
		{BEE9F06D-3083-49C8-9027-879036B671FB}.Release|x86.Build.0 = Release|Any CPU
		{62C927BB-5A91-4B38-B693-28B98E2CF2A3}.Debug|Any CPU.ActiveCfg = Debug|Any CPU
		{62C927BB-5A91-4B38-B693-28B98E2CF2A3}.Debug|Any CPU.Build.0 = Debug|Any CPU
		{62C927BB-5A91-4B38-B693-28B98E2CF2A3}.Debug|x64.ActiveCfg = Debug|Any CPU
		{62C927BB-5A91-4B38-B693-28B98E2CF2A3}.Debug|x64.Build.0 = Debug|Any CPU
		{62C927BB-5A91-4B38-B693-28B98E2CF2A3}.Debug|x86.ActiveCfg = Debug|Any CPU
		{62C927BB-5A91-4B38-B693-28B98E2CF2A3}.Debug|x86.Build.0 = Debug|Any CPU
		{62C927BB-5A91-4B38-B693-28B98E2CF2A3}.Release|Any CPU.ActiveCfg = Release|Any CPU
		{62C927BB-5A91-4B38-B693-28B98E2CF2A3}.Release|Any CPU.Build.0 = Release|Any CPU
		{62C927BB-5A91-4B38-B693-28B98E2CF2A3}.Release|x64.ActiveCfg = Release|Any CPU
		{62C927BB-5A91-4B38-B693-28B98E2CF2A3}.Release|x64.Build.0 = Release|Any CPU
		{62C927BB-5A91-4B38-B693-28B98E2CF2A3}.Release|x86.ActiveCfg = Release|Any CPU
		{62C927BB-5A91-4B38-B693-28B98E2CF2A3}.Release|x86.Build.0 = Release|Any CPU
		{5F2921E9-7D3C-42F9-A5F7-8DEA2D774A38}.Debug|Any CPU.ActiveCfg = Debug|Any CPU
		{5F2921E9-7D3C-42F9-A5F7-8DEA2D774A38}.Debug|Any CPU.Build.0 = Debug|Any CPU
		{5F2921E9-7D3C-42F9-A5F7-8DEA2D774A38}.Debug|x64.ActiveCfg = Debug|Any CPU
		{5F2921E9-7D3C-42F9-A5F7-8DEA2D774A38}.Debug|x64.Build.0 = Debug|Any CPU
		{5F2921E9-7D3C-42F9-A5F7-8DEA2D774A38}.Debug|x86.ActiveCfg = Debug|Any CPU
		{5F2921E9-7D3C-42F9-A5F7-8DEA2D774A38}.Debug|x86.Build.0 = Debug|Any CPU
		{5F2921E9-7D3C-42F9-A5F7-8DEA2D774A38}.Release|Any CPU.ActiveCfg = Release|Any CPU
		{5F2921E9-7D3C-42F9-A5F7-8DEA2D774A38}.Release|Any CPU.Build.0 = Release|Any CPU
		{5F2921E9-7D3C-42F9-A5F7-8DEA2D774A38}.Release|x64.ActiveCfg = Release|Any CPU
		{5F2921E9-7D3C-42F9-A5F7-8DEA2D774A38}.Release|x64.Build.0 = Release|Any CPU
		{5F2921E9-7D3C-42F9-A5F7-8DEA2D774A38}.Release|x86.ActiveCfg = Release|Any CPU
		{5F2921E9-7D3C-42F9-A5F7-8DEA2D774A38}.Release|x86.Build.0 = Release|Any CPU
		{7F6A823F-B33C-41FA-B779-88AF24248AA7}.Debug|Any CPU.ActiveCfg = Debug|Any CPU
		{7F6A823F-B33C-41FA-B779-88AF24248AA7}.Debug|Any CPU.Build.0 = Debug|Any CPU
		{7F6A823F-B33C-41FA-B779-88AF24248AA7}.Debug|x64.ActiveCfg = Debug|Any CPU
		{7F6A823F-B33C-41FA-B779-88AF24248AA7}.Debug|x64.Build.0 = Debug|Any CPU
		{7F6A823F-B33C-41FA-B779-88AF24248AA7}.Debug|x86.ActiveCfg = Debug|Any CPU
		{7F6A823F-B33C-41FA-B779-88AF24248AA7}.Debug|x86.Build.0 = Debug|Any CPU
		{7F6A823F-B33C-41FA-B779-88AF24248AA7}.Release|Any CPU.ActiveCfg = Release|Any CPU
		{7F6A823F-B33C-41FA-B779-88AF24248AA7}.Release|Any CPU.Build.0 = Release|Any CPU
		{7F6A823F-B33C-41FA-B779-88AF24248AA7}.Release|x64.ActiveCfg = Release|Any CPU
		{7F6A823F-B33C-41FA-B779-88AF24248AA7}.Release|x64.Build.0 = Release|Any CPU
		{7F6A823F-B33C-41FA-B779-88AF24248AA7}.Release|x86.ActiveCfg = Release|Any CPU
		{7F6A823F-B33C-41FA-B779-88AF24248AA7}.Release|x86.Build.0 = Release|Any CPU
		{33281C80-6B74-418E-BC52-A1720F745469}.Debug|Any CPU.ActiveCfg = Debug|Any CPU
		{33281C80-6B74-418E-BC52-A1720F745469}.Debug|Any CPU.Build.0 = Debug|Any CPU
		{33281C80-6B74-418E-BC52-A1720F745469}.Debug|x64.ActiveCfg = Debug|Any CPU
		{33281C80-6B74-418E-BC52-A1720F745469}.Debug|x64.Build.0 = Debug|Any CPU
		{33281C80-6B74-418E-BC52-A1720F745469}.Debug|x86.ActiveCfg = Debug|Any CPU
		{33281C80-6B74-418E-BC52-A1720F745469}.Debug|x86.Build.0 = Debug|Any CPU
		{33281C80-6B74-418E-BC52-A1720F745469}.Release|Any CPU.ActiveCfg = Release|Any CPU
		{33281C80-6B74-418E-BC52-A1720F745469}.Release|Any CPU.Build.0 = Release|Any CPU
		{33281C80-6B74-418E-BC52-A1720F745469}.Release|x64.ActiveCfg = Release|Any CPU
		{33281C80-6B74-418E-BC52-A1720F745469}.Release|x64.Build.0 = Release|Any CPU
		{33281C80-6B74-418E-BC52-A1720F745469}.Release|x86.ActiveCfg = Release|Any CPU
		{33281C80-6B74-418E-BC52-A1720F745469}.Release|x86.Build.0 = Release|Any CPU
		{9E186130-19FF-4B19-A21B-456D8A2B30FE}.Debug|Any CPU.ActiveCfg = Debug|Any CPU
		{9E186130-19FF-4B19-A21B-456D8A2B30FE}.Debug|Any CPU.Build.0 = Debug|Any CPU
		{9E186130-19FF-4B19-A21B-456D8A2B30FE}.Debug|x64.ActiveCfg = Debug|Any CPU
		{9E186130-19FF-4B19-A21B-456D8A2B30FE}.Debug|x64.Build.0 = Debug|Any CPU
		{9E186130-19FF-4B19-A21B-456D8A2B30FE}.Debug|x86.ActiveCfg = Debug|Any CPU
		{9E186130-19FF-4B19-A21B-456D8A2B30FE}.Debug|x86.Build.0 = Debug|Any CPU
		{9E186130-19FF-4B19-A21B-456D8A2B30FE}.Release|Any CPU.ActiveCfg = Release|Any CPU
		{9E186130-19FF-4B19-A21B-456D8A2B30FE}.Release|Any CPU.Build.0 = Release|Any CPU
		{9E186130-19FF-4B19-A21B-456D8A2B30FE}.Release|x64.ActiveCfg = Release|Any CPU
		{9E186130-19FF-4B19-A21B-456D8A2B30FE}.Release|x64.Build.0 = Release|Any CPU
		{9E186130-19FF-4B19-A21B-456D8A2B30FE}.Release|x86.ActiveCfg = Release|Any CPU
		{9E186130-19FF-4B19-A21B-456D8A2B30FE}.Release|x86.Build.0 = Release|Any CPU
		{1E98BF1B-AD2B-45B5-A8D6-F5BCEBC6C494}.Debug|Any CPU.ActiveCfg = Debug|Any CPU
		{1E98BF1B-AD2B-45B5-A8D6-F5BCEBC6C494}.Debug|Any CPU.Build.0 = Debug|Any CPU
		{1E98BF1B-AD2B-45B5-A8D6-F5BCEBC6C494}.Debug|x64.ActiveCfg = Debug|Any CPU
		{1E98BF1B-AD2B-45B5-A8D6-F5BCEBC6C494}.Debug|x64.Build.0 = Debug|Any CPU
		{1E98BF1B-AD2B-45B5-A8D6-F5BCEBC6C494}.Debug|x86.ActiveCfg = Debug|Any CPU
		{1E98BF1B-AD2B-45B5-A8D6-F5BCEBC6C494}.Debug|x86.Build.0 = Debug|Any CPU
		{1E98BF1B-AD2B-45B5-A8D6-F5BCEBC6C494}.Release|Any CPU.ActiveCfg = Release|Any CPU
		{1E98BF1B-AD2B-45B5-A8D6-F5BCEBC6C494}.Release|Any CPU.Build.0 = Release|Any CPU
		{1E98BF1B-AD2B-45B5-A8D6-F5BCEBC6C494}.Release|x64.ActiveCfg = Release|Any CPU
		{1E98BF1B-AD2B-45B5-A8D6-F5BCEBC6C494}.Release|x64.Build.0 = Release|Any CPU
		{1E98BF1B-AD2B-45B5-A8D6-F5BCEBC6C494}.Release|x86.ActiveCfg = Release|Any CPU
		{1E98BF1B-AD2B-45B5-A8D6-F5BCEBC6C494}.Release|x86.Build.0 = Release|Any CPU
		{DF3AE234-C3B5-4EB7-B848-599871DDA6A1}.Debug|Any CPU.ActiveCfg = Debug|Any CPU
		{DF3AE234-C3B5-4EB7-B848-599871DDA6A1}.Debug|Any CPU.Build.0 = Debug|Any CPU
		{DF3AE234-C3B5-4EB7-B848-599871DDA6A1}.Debug|x64.ActiveCfg = Debug|Any CPU
		{DF3AE234-C3B5-4EB7-B848-599871DDA6A1}.Debug|x64.Build.0 = Debug|Any CPU
		{DF3AE234-C3B5-4EB7-B848-599871DDA6A1}.Debug|x86.ActiveCfg = Debug|Any CPU
		{DF3AE234-C3B5-4EB7-B848-599871DDA6A1}.Debug|x86.Build.0 = Debug|Any CPU
		{DF3AE234-C3B5-4EB7-B848-599871DDA6A1}.Release|Any CPU.ActiveCfg = Release|Any CPU
		{DF3AE234-C3B5-4EB7-B848-599871DDA6A1}.Release|Any CPU.Build.0 = Release|Any CPU
		{DF3AE234-C3B5-4EB7-B848-599871DDA6A1}.Release|x64.ActiveCfg = Release|Any CPU
		{DF3AE234-C3B5-4EB7-B848-599871DDA6A1}.Release|x64.Build.0 = Release|Any CPU
		{DF3AE234-C3B5-4EB7-B848-599871DDA6A1}.Release|x86.ActiveCfg = Release|Any CPU
		{DF3AE234-C3B5-4EB7-B848-599871DDA6A1}.Release|x86.Build.0 = Release|Any CPU
		{835EE09C-F9F6-4E44-AC72-E14F59D26C7B}.Debug|Any CPU.ActiveCfg = Debug|Any CPU
		{835EE09C-F9F6-4E44-AC72-E14F59D26C7B}.Debug|Any CPU.Build.0 = Debug|Any CPU
		{835EE09C-F9F6-4E44-AC72-E14F59D26C7B}.Debug|x64.ActiveCfg = Debug|Any CPU
		{835EE09C-F9F6-4E44-AC72-E14F59D26C7B}.Debug|x64.Build.0 = Debug|Any CPU
		{835EE09C-F9F6-4E44-AC72-E14F59D26C7B}.Debug|x86.ActiveCfg = Debug|Any CPU
		{835EE09C-F9F6-4E44-AC72-E14F59D26C7B}.Debug|x86.Build.0 = Debug|Any CPU
		{835EE09C-F9F6-4E44-AC72-E14F59D26C7B}.Release|Any CPU.ActiveCfg = Release|Any CPU
		{835EE09C-F9F6-4E44-AC72-E14F59D26C7B}.Release|Any CPU.Build.0 = Release|Any CPU
		{835EE09C-F9F6-4E44-AC72-E14F59D26C7B}.Release|x64.ActiveCfg = Release|Any CPU
		{835EE09C-F9F6-4E44-AC72-E14F59D26C7B}.Release|x64.Build.0 = Release|Any CPU
		{835EE09C-F9F6-4E44-AC72-E14F59D26C7B}.Release|x86.ActiveCfg = Release|Any CPU
		{835EE09C-F9F6-4E44-AC72-E14F59D26C7B}.Release|x86.Build.0 = Release|Any CPU
		{F40C94F8-E861-4D79-9FE0-09E792BA85D1}.Debug|Any CPU.ActiveCfg = Debug|Any CPU
		{F40C94F8-E861-4D79-9FE0-09E792BA85D1}.Debug|Any CPU.Build.0 = Debug|Any CPU
		{F40C94F8-E861-4D79-9FE0-09E792BA85D1}.Debug|x64.ActiveCfg = Debug|Any CPU
		{F40C94F8-E861-4D79-9FE0-09E792BA85D1}.Debug|x64.Build.0 = Debug|Any CPU
		{F40C94F8-E861-4D79-9FE0-09E792BA85D1}.Debug|x86.ActiveCfg = Debug|Any CPU
		{F40C94F8-E861-4D79-9FE0-09E792BA85D1}.Debug|x86.Build.0 = Debug|Any CPU
		{F40C94F8-E861-4D79-9FE0-09E792BA85D1}.Release|Any CPU.ActiveCfg = Release|Any CPU
		{F40C94F8-E861-4D79-9FE0-09E792BA85D1}.Release|Any CPU.Build.0 = Release|Any CPU
		{F40C94F8-E861-4D79-9FE0-09E792BA85D1}.Release|x64.ActiveCfg = Release|Any CPU
		{F40C94F8-E861-4D79-9FE0-09E792BA85D1}.Release|x64.Build.0 = Release|Any CPU
		{F40C94F8-E861-4D79-9FE0-09E792BA85D1}.Release|x86.ActiveCfg = Release|Any CPU
		{F40C94F8-E861-4D79-9FE0-09E792BA85D1}.Release|x86.Build.0 = Release|Any CPU
		{10D3B601-CF5A-42B8-B376-1BAF42250E94}.Debug|Any CPU.ActiveCfg = Debug|Any CPU
		{10D3B601-CF5A-42B8-B376-1BAF42250E94}.Debug|Any CPU.Build.0 = Debug|Any CPU
		{10D3B601-CF5A-42B8-B376-1BAF42250E94}.Debug|x64.ActiveCfg = Debug|Any CPU
		{10D3B601-CF5A-42B8-B376-1BAF42250E94}.Debug|x64.Build.0 = Debug|Any CPU
		{10D3B601-CF5A-42B8-B376-1BAF42250E94}.Debug|x86.ActiveCfg = Debug|Any CPU
		{10D3B601-CF5A-42B8-B376-1BAF42250E94}.Debug|x86.Build.0 = Debug|Any CPU
		{10D3B601-CF5A-42B8-B376-1BAF42250E94}.Release|Any CPU.ActiveCfg = Release|Any CPU
		{10D3B601-CF5A-42B8-B376-1BAF42250E94}.Release|Any CPU.Build.0 = Release|Any CPU
		{10D3B601-CF5A-42B8-B376-1BAF42250E94}.Release|x64.ActiveCfg = Release|Any CPU
		{10D3B601-CF5A-42B8-B376-1BAF42250E94}.Release|x64.Build.0 = Release|Any CPU
		{10D3B601-CF5A-42B8-B376-1BAF42250E94}.Release|x86.ActiveCfg = Release|Any CPU
		{10D3B601-CF5A-42B8-B376-1BAF42250E94}.Release|x86.Build.0 = Release|Any CPU
		{C6488726-BE4E-4545-B61F-079D46FF8D7B}.Debug|Any CPU.ActiveCfg = Debug|Any CPU
		{C6488726-BE4E-4545-B61F-079D46FF8D7B}.Debug|Any CPU.Build.0 = Debug|Any CPU
		{C6488726-BE4E-4545-B61F-079D46FF8D7B}.Debug|x64.ActiveCfg = Debug|Any CPU
		{C6488726-BE4E-4545-B61F-079D46FF8D7B}.Debug|x64.Build.0 = Debug|Any CPU
		{C6488726-BE4E-4545-B61F-079D46FF8D7B}.Debug|x86.ActiveCfg = Debug|Any CPU
		{C6488726-BE4E-4545-B61F-079D46FF8D7B}.Debug|x86.Build.0 = Debug|Any CPU
		{C6488726-BE4E-4545-B61F-079D46FF8D7B}.Release|Any CPU.ActiveCfg = Release|Any CPU
		{C6488726-BE4E-4545-B61F-079D46FF8D7B}.Release|Any CPU.Build.0 = Release|Any CPU
		{C6488726-BE4E-4545-B61F-079D46FF8D7B}.Release|x64.ActiveCfg = Release|Any CPU
		{C6488726-BE4E-4545-B61F-079D46FF8D7B}.Release|x64.Build.0 = Release|Any CPU
		{C6488726-BE4E-4545-B61F-079D46FF8D7B}.Release|x86.ActiveCfg = Release|Any CPU
		{C6488726-BE4E-4545-B61F-079D46FF8D7B}.Release|x86.Build.0 = Release|Any CPU
		{6A10B48E-E299-43EB-A1E8-3C46202AC5D0}.Debug|Any CPU.ActiveCfg = Debug|Any CPU
		{6A10B48E-E299-43EB-A1E8-3C46202AC5D0}.Debug|Any CPU.Build.0 = Debug|Any CPU
		{6A10B48E-E299-43EB-A1E8-3C46202AC5D0}.Debug|x64.ActiveCfg = Debug|Any CPU
		{6A10B48E-E299-43EB-A1E8-3C46202AC5D0}.Debug|x64.Build.0 = Debug|Any CPU
		{6A10B48E-E299-43EB-A1E8-3C46202AC5D0}.Debug|x86.ActiveCfg = Debug|Any CPU
		{6A10B48E-E299-43EB-A1E8-3C46202AC5D0}.Debug|x86.Build.0 = Debug|Any CPU
		{6A10B48E-E299-43EB-A1E8-3C46202AC5D0}.Release|Any CPU.ActiveCfg = Release|Any CPU
		{6A10B48E-E299-43EB-A1E8-3C46202AC5D0}.Release|Any CPU.Build.0 = Release|Any CPU
		{6A10B48E-E299-43EB-A1E8-3C46202AC5D0}.Release|x64.ActiveCfg = Release|Any CPU
		{6A10B48E-E299-43EB-A1E8-3C46202AC5D0}.Release|x64.Build.0 = Release|Any CPU
		{6A10B48E-E299-43EB-A1E8-3C46202AC5D0}.Release|x86.ActiveCfg = Release|Any CPU
		{6A10B48E-E299-43EB-A1E8-3C46202AC5D0}.Release|x86.Build.0 = Release|Any CPU
		{C15A0C60-677E-4908-8928-4157244CC498}.Debug|Any CPU.ActiveCfg = Debug|Any CPU
		{C15A0C60-677E-4908-8928-4157244CC498}.Debug|Any CPU.Build.0 = Debug|Any CPU
		{C15A0C60-677E-4908-8928-4157244CC498}.Debug|x64.ActiveCfg = Debug|Any CPU
		{C15A0C60-677E-4908-8928-4157244CC498}.Debug|x64.Build.0 = Debug|Any CPU
		{C15A0C60-677E-4908-8928-4157244CC498}.Debug|x86.ActiveCfg = Debug|Any CPU
		{C15A0C60-677E-4908-8928-4157244CC498}.Debug|x86.Build.0 = Debug|Any CPU
		{C15A0C60-677E-4908-8928-4157244CC498}.Release|Any CPU.ActiveCfg = Release|Any CPU
		{C15A0C60-677E-4908-8928-4157244CC498}.Release|Any CPU.Build.0 = Release|Any CPU
		{C15A0C60-677E-4908-8928-4157244CC498}.Release|x64.ActiveCfg = Release|Any CPU
		{C15A0C60-677E-4908-8928-4157244CC498}.Release|x64.Build.0 = Release|Any CPU
		{C15A0C60-677E-4908-8928-4157244CC498}.Release|x86.ActiveCfg = Release|Any CPU
		{C15A0C60-677E-4908-8928-4157244CC498}.Release|x86.Build.0 = Release|Any CPU
		{D7CD7C16-BABD-4BF3-BE02-475BFBC46F03}.Debug|Any CPU.ActiveCfg = Debug|Any CPU
		{D7CD7C16-BABD-4BF3-BE02-475BFBC46F03}.Debug|Any CPU.Build.0 = Debug|Any CPU
		{D7CD7C16-BABD-4BF3-BE02-475BFBC46F03}.Debug|x64.ActiveCfg = Debug|Any CPU
		{D7CD7C16-BABD-4BF3-BE02-475BFBC46F03}.Debug|x64.Build.0 = Debug|Any CPU
		{D7CD7C16-BABD-4BF3-BE02-475BFBC46F03}.Debug|x86.ActiveCfg = Debug|Any CPU
		{D7CD7C16-BABD-4BF3-BE02-475BFBC46F03}.Debug|x86.Build.0 = Debug|Any CPU
		{D7CD7C16-BABD-4BF3-BE02-475BFBC46F03}.Release|Any CPU.ActiveCfg = Release|Any CPU
		{D7CD7C16-BABD-4BF3-BE02-475BFBC46F03}.Release|Any CPU.Build.0 = Release|Any CPU
		{D7CD7C16-BABD-4BF3-BE02-475BFBC46F03}.Release|x64.ActiveCfg = Release|Any CPU
		{D7CD7C16-BABD-4BF3-BE02-475BFBC46F03}.Release|x64.Build.0 = Release|Any CPU
		{D7CD7C16-BABD-4BF3-BE02-475BFBC46F03}.Release|x86.ActiveCfg = Release|Any CPU
		{D7CD7C16-BABD-4BF3-BE02-475BFBC46F03}.Release|x86.Build.0 = Release|Any CPU
	EndGlobalSection
	GlobalSection(SolutionProperties) = preSolution
		HideSolutionNode = FALSE
	EndGlobalSection
	GlobalSection(ExtensibilityGlobals) = postSolution
		SolutionGuid = {0DB3A23A-CE09-4A93-A81C-DF42F7784DF8}
	EndGlobalSection
EndGlobal
