
Microsoft Visual Studio Solution File, Format Version 12.00
# Visual Studio Version 17
VisualStudioVersion = 17.1.32210.238
MinimumVisualStudioVersion = 10.0.40219.1
Project("{8BC9CEB8-8B4A-11D0-8D11-00A0C91BC942}") = "001_bmi", "bmi\bmi.vcxproj", "{4FCDE20D-E8A5-4B1D-9D82-2B258A1592B6}"
EndProject
Project("{9A19103F-16F7-4668-BE54-9A1E7A4F7556}") = "002_bmiCS", "002_bmiCS\002_bmiCS.csproj", "{F948089A-A217-48EC-9C4B-357D87FAD9D1}"
EndProject
Project("{FAE04EC0-301F-11D3-BF4B-00C04F79EFBC}") = "003_bmi", "003_bmi\003_bmi.csproj", "{0E6178B0-D746-4229-9630-5F9AD36A8D0E}"
EndProject
Project("{9A19103F-16F7-4668-BE54-9A1E7A4F7556}") = "004_Pyramid", "004_Pyramid\004_Pyramid.csproj", "{0F7C0C90-10DA-4A89-9FCE-6931F353B29A}"
EndProject
Project("{9A19103F-16F7-4668-BE54-9A1E7A4F7556}") = "005_random", "005_random\005_random.csproj", "{68B3A265-8B9F-49E1-870E-8347B71D9CCF}"
EndProject
Project("{9A19103F-16F7-4668-BE54-9A1E7A4F7556}") = "006_sort", "006_sort\006_sort.csproj", "{F8968433-713E-46E0-A3D1-48D41C2D782D}"
EndProject
Project("{9A19103F-16F7-4668-BE54-9A1E7A4F7556}") = "007_Large", "007_Large\007_Large.csproj", "{E5D7B65C-4CF4-4858-986E-165F08497898}"
EndProject
Project("{9A19103F-16F7-4668-BE54-9A1E7A4F7556}") = "008_factorial", "008_factorial\008_factorial.csproj", "{60C56F7B-55EF-40A5-9A54-6D8C432F788C}"
EndProject
Project("{9A19103F-16F7-4668-BE54-9A1E7A4F7556}") = "009_addition", "009_addition\009_addition.csproj", "{75E2257E-07CF-4289-A3EB-8D4049F7E80A}"
EndProject
Project("{9A19103F-16F7-4668-BE54-9A1E7A4F7556}") = "010_Fibo", "010_Fibo\010_Fibo.csproj", "{4C8D37F7-CF2B-47D6-8720-AC5DDA4F7697}"
EndProject
Project("{9A19103F-16F7-4668-BE54-9A1E7A4F7556}") = "011_Hanoi", "011_Hanoi\011_Hanoi.csproj", "{A7E1501D-CDF9-4866-9C15-C7889D4C591B}"
EndProject
Project("{FAE04EC0-301F-11D3-BF4B-00C04F79EFBC}") = "012_Hello", "012_Hello\012_Hello.csproj", "{9A5EA265-31A0-47A7-94AD-BCD985335026}"
EndProject
Project("{FAE04EC0-301F-11D3-BF4B-00C04F79EFBC}") = "013_Forms", "013_Forms\013_Forms.csproj", "{11E72989-613A-4599-A1AE-A22D27809BD9}"
EndProject
Project("{FAE04EC0-301F-11D3-BF4B-00C04F79EFBC}") = "014_MessageBox", "014_MessageBox\014_MessageBox.csproj", "{0F40EFCB-BFF5-4C29-9C88-395EB97BEE26}"
EndProject
Project("{FAE04EC0-301F-11D3-BF4B-00C04F79EFBC}") = "015_basic", "015_basic\015_basic.csproj", "{DD65ED0C-1FA4-4BE6-B5E8-DB7A7AB9E8F6}"
EndProject
Project("{FAE04EC0-301F-11D3-BF4B-00C04F79EFBC}") = "016_Label", "016_Label\016_Label.csproj", "{FC8666D6-780E-4F79-B667-642EAA7899D1}"
EndProject
Project("{FAE04EC0-301F-11D3-BF4B-00C04F79EFBC}") = "016_checkbox", "016_checkbox\016_checkbox.csproj", "{8DB79D7C-30B9-4B2C-8DF0-8340D5EB5BEA}"
EndProject
Project("{FAE04EC0-301F-11D3-BF4B-00C04F79EFBC}") = "017_radio", "017_radio\017_radio.csproj", "{533E412B-1E15-4487-AD3D-3106482AF569}"
EndProject
Project("{FAE04EC0-301F-11D3-BF4B-00C04F79EFBC}") = "018_Calc", "018_Calc\018_Calc.csproj", "{7C8AD072-13C4-418B-A2C5-A5656F42CB4B}"
EndProject
Project("{FAE04EC0-301F-11D3-BF4B-00C04F79EFBC}") = "019_scroll", "017_scroll\019_scroll.csproj", "{63C8BE6D-17BA-4541-ACBE-5BBFD3452B2B}"
EndProject
Project("{FAE04EC0-301F-11D3-BF4B-00C04F79EFBC}") = "020_listBox", "020_listBox\020_listBox.csproj", "{77F7439C-00EE-4679-BB40-D069257DB145}"
EndProject
Project("{FAE04EC0-301F-11D3-BF4B-00C04F79EFBC}") = "021_ScoreCal", "021_ScoreCal\021_ScoreCal.csproj", "{E3990155-0ADC-4C91-9DCE-C68EB91496D4}"
EndProject
Project("{FAE04EC0-301F-11D3-BF4B-00C04F79EFBC}") = "022_timer", "022_timer\022_timer.csproj", "{CC578E53-13BB-4CCD-ADE8-07A6CDBF836D}"
EndProject
Project("{FAE04EC0-301F-11D3-BF4B-00C04F79EFBC}") = "023_dateTimePicker", "023_dateTimePicker\023_dateTimePicker.csproj", "{150C6433-4E9E-424A-9255-FBD3D8C7D5FD}"
EndProject
Project("{FAE04EC0-301F-11D3-BF4B-00C04F79EFBC}") = "024_wmp", "024_wmp\024_wmp.csproj", "{40831C2F-010A-4FB2-BFD3-28694B28B5D4}"
EndProject
Project("{9A19103F-16F7-4668-BE54-9A1E7A4F7556}") = "025_WPFHello", "025_WPFHello\025_WPFHello.csproj", "{BB169D91-CD62-4995-A852-3B1497CD6E6A}"
EndProject
Project("{9A19103F-16F7-4668-BE54-9A1E7A4F7556}") = "026_grid", "026_grid\026_grid.csproj", "{34D3C582-9CAB-4DA0-9B9E-A90118945212}"
EndProject
Project("{9A19103F-16F7-4668-BE54-9A1E7A4F7556}") = "027_stackPanel", "027_stackPanel\027_stackPanel.csproj", "{ACAE89B3-F101-4C1B-94D4-BE027F8C3F81}"
EndProject
Project("{9A19103F-16F7-4668-BE54-9A1E7A4F7556}") = "030_WindowsCalc", "030_WindowsCalc\030_WindowsCalc.csproj", "{BF0E9548-9FCA-4B84-9A71-1681E013DF9D}"
EndProject
Project("{9A19103F-16F7-4668-BE54-9A1E7A4F7556}") = "031_ListNArray", "031_ListNArray\031_ListNArray.csproj", "{AEC8C338-4043-4DDD-B1C0-FC081B42D309}"
EndProject
Project("{FAE04EC0-301F-11D3-BF4B-00C04F79EFBC}") = "032_PhoneBook", "032_PhoneBook\032_PhoneBook.csproj", "{C316CB02-119E-45E9-A098-81BC3EF6318B}"
EndProject
Project("{FAE04EC0-301F-11D3-BF4B-00C04F79EFBC}") = "033_WPFLogin", "033_WPFLogin\033_WPFLogin.csproj", "{81FE518A-54F9-45EC-838E-5A411DCA2558}"
EndProject
Project("{FAE04EC0-301F-11D3-BF4B-00C04F79EFBC}") = "034_Splash", "034_Splash\034_Splash.csproj", "{2CE07362-AD35-4946-8034-547BF5D0191B}"
EndProject
Project("{FAE04EC0-301F-11D3-BF4B-00C04F79EFBC}") = "035_Chart", "035_Chart\035_Chart.csproj", "{844E0CB3-9122-4FF4-A310-71AB3EDF6250}"
EndProject
Project("{FAE04EC0-301F-11D3-BF4B-00C04F79EFBC}") = "036_TwoCharts", "036_TwoCharts\036_TwoCharts.csproj", "{F5493529-9FE5-40D4-B371-C8EC22945929}"
EndProject
Project("{FAE04EC0-301F-11D3-BF4B-00C04F79EFBC}") = "037_graph", "037_graph\037_graph.csproj", "{5C4E2CDD-1D34-437F-811C-E96946949924}"
EndProject
Project("{FAE04EC0-301F-11D3-BF4B-00C04F79EFBC}") = "038_EcgPpt", "038_EcgPpt\038_EcgPpt.csproj", "{37A00212-6CCB-477C-9ACC-F7172D51D765}"
EndProject
Project("{FAE04EC0-301F-11D3-BF4B-00C04F79EFBC}") = "040_FormClock", "040_FormClock\040_FormClock.csproj", "{F5F918BA-A0EE-49DC-B355-D96BD35CAA5B}"
EndProject
Project("{FAE04EC0-301F-11D3-BF4B-00C04F79EFBC}") = "41WPFClock", "41WPFClock\41WPFClock.csproj", "{41912777-CAAE-497E-82E4-DE61B403AB7B}"
EndProject
Global
	GlobalSection(SolutionConfigurationPlatforms) = preSolution
		Debug|Any CPU = Debug|Any CPU
		Debug|x64 = Debug|x64
		Debug|x86 = Debug|x86
		Release|Any CPU = Release|Any CPU
		Release|x64 = Release|x64
		Release|x86 = Release|x86
	EndGlobalSection
	GlobalSection(ProjectConfigurationPlatforms) = postSolution
		{4FCDE20D-E8A5-4B1D-9D82-2B258A1592B6}.Debug|Any CPU.ActiveCfg = Debug|x64
		{4FCDE20D-E8A5-4B1D-9D82-2B258A1592B6}.Debug|Any CPU.Build.0 = Debug|x64
		{4FCDE20D-E8A5-4B1D-9D82-2B258A1592B6}.Debug|x64.ActiveCfg = Debug|x64
		{4FCDE20D-E8A5-4B1D-9D82-2B258A1592B6}.Debug|x64.Build.0 = Debug|x64
		{4FCDE20D-E8A5-4B1D-9D82-2B258A1592B6}.Debug|x86.ActiveCfg = Debug|Win32
		{4FCDE20D-E8A5-4B1D-9D82-2B258A1592B6}.Debug|x86.Build.0 = Debug|Win32
		{4FCDE20D-E8A5-4B1D-9D82-2B258A1592B6}.Release|Any CPU.ActiveCfg = Release|x64
		{4FCDE20D-E8A5-4B1D-9D82-2B258A1592B6}.Release|Any CPU.Build.0 = Release|x64
		{4FCDE20D-E8A5-4B1D-9D82-2B258A1592B6}.Release|x64.ActiveCfg = Release|x64
		{4FCDE20D-E8A5-4B1D-9D82-2B258A1592B6}.Release|x64.Build.0 = Release|x64
		{4FCDE20D-E8A5-4B1D-9D82-2B258A1592B6}.Release|x86.ActiveCfg = Release|Win32
		{4FCDE20D-E8A5-4B1D-9D82-2B258A1592B6}.Release|x86.Build.0 = Release|Win32
		{F948089A-A217-48EC-9C4B-357D87FAD9D1}.Debug|Any CPU.ActiveCfg = Debug|Any CPU
		{F948089A-A217-48EC-9C4B-357D87FAD9D1}.Debug|Any CPU.Build.0 = Debug|Any CPU
		{F948089A-A217-48EC-9C4B-357D87FAD9D1}.Debug|x64.ActiveCfg = Debug|Any CPU
		{F948089A-A217-48EC-9C4B-357D87FAD9D1}.Debug|x64.Build.0 = Debug|Any CPU
		{F948089A-A217-48EC-9C4B-357D87FAD9D1}.Debug|x86.ActiveCfg = Debug|Any CPU
		{F948089A-A217-48EC-9C4B-357D87FAD9D1}.Debug|x86.Build.0 = Debug|Any CPU
		{F948089A-A217-48EC-9C4B-357D87FAD9D1}.Release|Any CPU.ActiveCfg = Release|Any CPU
		{F948089A-A217-48EC-9C4B-357D87FAD9D1}.Release|Any CPU.Build.0 = Release|Any CPU
		{F948089A-A217-48EC-9C4B-357D87FAD9D1}.Release|x64.ActiveCfg = Release|Any CPU
		{F948089A-A217-48EC-9C4B-357D87FAD9D1}.Release|x64.Build.0 = Release|Any CPU
		{F948089A-A217-48EC-9C4B-357D87FAD9D1}.Release|x86.ActiveCfg = Release|Any CPU
		{F948089A-A217-48EC-9C4B-357D87FAD9D1}.Release|x86.Build.0 = Release|Any CPU
		{0E6178B0-D746-4229-9630-5F9AD36A8D0E}.Debug|Any CPU.ActiveCfg = Debug|Any CPU
		{0E6178B0-D746-4229-9630-5F9AD36A8D0E}.Debug|Any CPU.Build.0 = Debug|Any CPU
		{0E6178B0-D746-4229-9630-5F9AD36A8D0E}.Debug|x64.ActiveCfg = Debug|Any CPU
		{0E6178B0-D746-4229-9630-5F9AD36A8D0E}.Debug|x64.Build.0 = Debug|Any CPU
		{0E6178B0-D746-4229-9630-5F9AD36A8D0E}.Debug|x86.ActiveCfg = Debug|Any CPU
		{0E6178B0-D746-4229-9630-5F9AD36A8D0E}.Debug|x86.Build.0 = Debug|Any CPU
		{0E6178B0-D746-4229-9630-5F9AD36A8D0E}.Release|Any CPU.ActiveCfg = Release|Any CPU
		{0E6178B0-D746-4229-9630-5F9AD36A8D0E}.Release|Any CPU.Build.0 = Release|Any CPU
		{0E6178B0-D746-4229-9630-5F9AD36A8D0E}.Release|x64.ActiveCfg = Release|Any CPU
		{0E6178B0-D746-4229-9630-5F9AD36A8D0E}.Release|x64.Build.0 = Release|Any CPU
		{0E6178B0-D746-4229-9630-5F9AD36A8D0E}.Release|x86.ActiveCfg = Release|Any CPU
		{0E6178B0-D746-4229-9630-5F9AD36A8D0E}.Release|x86.Build.0 = Release|Any CPU
		{0F7C0C90-10DA-4A89-9FCE-6931F353B29A}.Debug|Any CPU.ActiveCfg = Debug|Any CPU
		{0F7C0C90-10DA-4A89-9FCE-6931F353B29A}.Debug|Any CPU.Build.0 = Debug|Any CPU
		{0F7C0C90-10DA-4A89-9FCE-6931F353B29A}.Debug|x64.ActiveCfg = Debug|Any CPU
		{0F7C0C90-10DA-4A89-9FCE-6931F353B29A}.Debug|x64.Build.0 = Debug|Any CPU
		{0F7C0C90-10DA-4A89-9FCE-6931F353B29A}.Debug|x86.ActiveCfg = Debug|Any CPU
		{0F7C0C90-10DA-4A89-9FCE-6931F353B29A}.Debug|x86.Build.0 = Debug|Any CPU
		{0F7C0C90-10DA-4A89-9FCE-6931F353B29A}.Release|Any CPU.ActiveCfg = Release|Any CPU
		{0F7C0C90-10DA-4A89-9FCE-6931F353B29A}.Release|Any CPU.Build.0 = Release|Any CPU
		{0F7C0C90-10DA-4A89-9FCE-6931F353B29A}.Release|x64.ActiveCfg = Release|Any CPU
		{0F7C0C90-10DA-4A89-9FCE-6931F353B29A}.Release|x64.Build.0 = Release|Any CPU
		{0F7C0C90-10DA-4A89-9FCE-6931F353B29A}.Release|x86.ActiveCfg = Release|Any CPU
		{0F7C0C90-10DA-4A89-9FCE-6931F353B29A}.Release|x86.Build.0 = Release|Any CPU
		{68B3A265-8B9F-49E1-870E-8347B71D9CCF}.Debug|Any CPU.ActiveCfg = Debug|Any CPU
		{68B3A265-8B9F-49E1-870E-8347B71D9CCF}.Debug|Any CPU.Build.0 = Debug|Any CPU
		{68B3A265-8B9F-49E1-870E-8347B71D9CCF}.Debug|x64.ActiveCfg = Debug|Any CPU
		{68B3A265-8B9F-49E1-870E-8347B71D9CCF}.Debug|x64.Build.0 = Debug|Any CPU
		{68B3A265-8B9F-49E1-870E-8347B71D9CCF}.Debug|x86.ActiveCfg = Debug|Any CPU
		{68B3A265-8B9F-49E1-870E-8347B71D9CCF}.Debug|x86.Build.0 = Debug|Any CPU
		{68B3A265-8B9F-49E1-870E-8347B71D9CCF}.Release|Any CPU.ActiveCfg = Release|Any CPU
		{68B3A265-8B9F-49E1-870E-8347B71D9CCF}.Release|Any CPU.Build.0 = Release|Any CPU
		{68B3A265-8B9F-49E1-870E-8347B71D9CCF}.Release|x64.ActiveCfg = Release|Any CPU
		{68B3A265-8B9F-49E1-870E-8347B71D9CCF}.Release|x64.Build.0 = Release|Any CPU
		{68B3A265-8B9F-49E1-870E-8347B71D9CCF}.Release|x86.ActiveCfg = Release|Any CPU
		{68B3A265-8B9F-49E1-870E-8347B71D9CCF}.Release|x86.Build.0 = Release|Any CPU
		{F8968433-713E-46E0-A3D1-48D41C2D782D}.Debug|Any CPU.ActiveCfg = Debug|Any CPU
		{F8968433-713E-46E0-A3D1-48D41C2D782D}.Debug|Any CPU.Build.0 = Debug|Any CPU
		{F8968433-713E-46E0-A3D1-48D41C2D782D}.Debug|x64.ActiveCfg = Debug|Any CPU
		{F8968433-713E-46E0-A3D1-48D41C2D782D}.Debug|x64.Build.0 = Debug|Any CPU
		{F8968433-713E-46E0-A3D1-48D41C2D782D}.Debug|x86.ActiveCfg = Debug|Any CPU
		{F8968433-713E-46E0-A3D1-48D41C2D782D}.Debug|x86.Build.0 = Debug|Any CPU
		{F8968433-713E-46E0-A3D1-48D41C2D782D}.Release|Any CPU.ActiveCfg = Release|Any CPU
		{F8968433-713E-46E0-A3D1-48D41C2D782D}.Release|Any CPU.Build.0 = Release|Any CPU
		{F8968433-713E-46E0-A3D1-48D41C2D782D}.Release|x64.ActiveCfg = Release|Any CPU
		{F8968433-713E-46E0-A3D1-48D41C2D782D}.Release|x64.Build.0 = Release|Any CPU
		{F8968433-713E-46E0-A3D1-48D41C2D782D}.Release|x86.ActiveCfg = Release|Any CPU
		{F8968433-713E-46E0-A3D1-48D41C2D782D}.Release|x86.Build.0 = Release|Any CPU
		{E5D7B65C-4CF4-4858-986E-165F08497898}.Debug|Any CPU.ActiveCfg = Debug|Any CPU
		{E5D7B65C-4CF4-4858-986E-165F08497898}.Debug|Any CPU.Build.0 = Debug|Any CPU
		{E5D7B65C-4CF4-4858-986E-165F08497898}.Debug|x64.ActiveCfg = Debug|Any CPU
		{E5D7B65C-4CF4-4858-986E-165F08497898}.Debug|x64.Build.0 = Debug|Any CPU
		{E5D7B65C-4CF4-4858-986E-165F08497898}.Debug|x86.ActiveCfg = Debug|Any CPU
		{E5D7B65C-4CF4-4858-986E-165F08497898}.Debug|x86.Build.0 = Debug|Any CPU
		{E5D7B65C-4CF4-4858-986E-165F08497898}.Release|Any CPU.ActiveCfg = Release|Any CPU
		{E5D7B65C-4CF4-4858-986E-165F08497898}.Release|Any CPU.Build.0 = Release|Any CPU
		{E5D7B65C-4CF4-4858-986E-165F08497898}.Release|x64.ActiveCfg = Release|Any CPU
		{E5D7B65C-4CF4-4858-986E-165F08497898}.Release|x64.Build.0 = Release|Any CPU
		{E5D7B65C-4CF4-4858-986E-165F08497898}.Release|x86.ActiveCfg = Release|Any CPU
		{E5D7B65C-4CF4-4858-986E-165F08497898}.Release|x86.Build.0 = Release|Any CPU
		{60C56F7B-55EF-40A5-9A54-6D8C432F788C}.Debug|Any CPU.ActiveCfg = Debug|Any CPU
		{60C56F7B-55EF-40A5-9A54-6D8C432F788C}.Debug|Any CPU.Build.0 = Debug|Any CPU
		{60C56F7B-55EF-40A5-9A54-6D8C432F788C}.Debug|x64.ActiveCfg = Debug|Any CPU
		{60C56F7B-55EF-40A5-9A54-6D8C432F788C}.Debug|x64.Build.0 = Debug|Any CPU
		{60C56F7B-55EF-40A5-9A54-6D8C432F788C}.Debug|x86.ActiveCfg = Debug|Any CPU
		{60C56F7B-55EF-40A5-9A54-6D8C432F788C}.Debug|x86.Build.0 = Debug|Any CPU
		{60C56F7B-55EF-40A5-9A54-6D8C432F788C}.Release|Any CPU.ActiveCfg = Release|Any CPU
		{60C56F7B-55EF-40A5-9A54-6D8C432F788C}.Release|Any CPU.Build.0 = Release|Any CPU
		{60C56F7B-55EF-40A5-9A54-6D8C432F788C}.Release|x64.ActiveCfg = Release|Any CPU
		{60C56F7B-55EF-40A5-9A54-6D8C432F788C}.Release|x64.Build.0 = Release|Any CPU
		{60C56F7B-55EF-40A5-9A54-6D8C432F788C}.Release|x86.ActiveCfg = Release|Any CPU
		{60C56F7B-55EF-40A5-9A54-6D8C432F788C}.Release|x86.Build.0 = Release|Any CPU
		{75E2257E-07CF-4289-A3EB-8D4049F7E80A}.Debug|Any CPU.ActiveCfg = Debug|Any CPU
		{75E2257E-07CF-4289-A3EB-8D4049F7E80A}.Debug|Any CPU.Build.0 = Debug|Any CPU
		{75E2257E-07CF-4289-A3EB-8D4049F7E80A}.Debug|x64.ActiveCfg = Debug|Any CPU
		{75E2257E-07CF-4289-A3EB-8D4049F7E80A}.Debug|x64.Build.0 = Debug|Any CPU
		{75E2257E-07CF-4289-A3EB-8D4049F7E80A}.Debug|x86.ActiveCfg = Debug|Any CPU
		{75E2257E-07CF-4289-A3EB-8D4049F7E80A}.Debug|x86.Build.0 = Debug|Any CPU
		{75E2257E-07CF-4289-A3EB-8D4049F7E80A}.Release|Any CPU.ActiveCfg = Release|Any CPU
		{75E2257E-07CF-4289-A3EB-8D4049F7E80A}.Release|Any CPU.Build.0 = Release|Any CPU
		{75E2257E-07CF-4289-A3EB-8D4049F7E80A}.Release|x64.ActiveCfg = Release|Any CPU
		{75E2257E-07CF-4289-A3EB-8D4049F7E80A}.Release|x64.Build.0 = Release|Any CPU
		{75E2257E-07CF-4289-A3EB-8D4049F7E80A}.Release|x86.ActiveCfg = Release|Any CPU
		{75E2257E-07CF-4289-A3EB-8D4049F7E80A}.Release|x86.Build.0 = Release|Any CPU
		{4C8D37F7-CF2B-47D6-8720-AC5DDA4F7697}.Debug|Any CPU.ActiveCfg = Debug|Any CPU
		{4C8D37F7-CF2B-47D6-8720-AC5DDA4F7697}.Debug|Any CPU.Build.0 = Debug|Any CPU
		{4C8D37F7-CF2B-47D6-8720-AC5DDA4F7697}.Debug|x64.ActiveCfg = Debug|Any CPU
		{4C8D37F7-CF2B-47D6-8720-AC5DDA4F7697}.Debug|x64.Build.0 = Debug|Any CPU
		{4C8D37F7-CF2B-47D6-8720-AC5DDA4F7697}.Debug|x86.ActiveCfg = Debug|Any CPU
		{4C8D37F7-CF2B-47D6-8720-AC5DDA4F7697}.Debug|x86.Build.0 = Debug|Any CPU
		{4C8D37F7-CF2B-47D6-8720-AC5DDA4F7697}.Release|Any CPU.ActiveCfg = Release|Any CPU
		{4C8D37F7-CF2B-47D6-8720-AC5DDA4F7697}.Release|Any CPU.Build.0 = Release|Any CPU
		{4C8D37F7-CF2B-47D6-8720-AC5DDA4F7697}.Release|x64.ActiveCfg = Release|Any CPU
		{4C8D37F7-CF2B-47D6-8720-AC5DDA4F7697}.Release|x64.Build.0 = Release|Any CPU
		{4C8D37F7-CF2B-47D6-8720-AC5DDA4F7697}.Release|x86.ActiveCfg = Release|Any CPU
		{4C8D37F7-CF2B-47D6-8720-AC5DDA4F7697}.Release|x86.Build.0 = Release|Any CPU
		{A7E1501D-CDF9-4866-9C15-C7889D4C591B}.Debug|Any CPU.ActiveCfg = Debug|Any CPU
		{A7E1501D-CDF9-4866-9C15-C7889D4C591B}.Debug|Any CPU.Build.0 = Debug|Any CPU
		{A7E1501D-CDF9-4866-9C15-C7889D4C591B}.Debug|x64.ActiveCfg = Debug|Any CPU
		{A7E1501D-CDF9-4866-9C15-C7889D4C591B}.Debug|x64.Build.0 = Debug|Any CPU
		{A7E1501D-CDF9-4866-9C15-C7889D4C591B}.Debug|x86.ActiveCfg = Debug|Any CPU
		{A7E1501D-CDF9-4866-9C15-C7889D4C591B}.Debug|x86.Build.0 = Debug|Any CPU
		{A7E1501D-CDF9-4866-9C15-C7889D4C591B}.Release|Any CPU.ActiveCfg = Release|Any CPU
		{A7E1501D-CDF9-4866-9C15-C7889D4C591B}.Release|Any CPU.Build.0 = Release|Any CPU
		{A7E1501D-CDF9-4866-9C15-C7889D4C591B}.Release|x64.ActiveCfg = Release|Any CPU
		{A7E1501D-CDF9-4866-9C15-C7889D4C591B}.Release|x64.Build.0 = Release|Any CPU
		{A7E1501D-CDF9-4866-9C15-C7889D4C591B}.Release|x86.ActiveCfg = Release|Any CPU
		{A7E1501D-CDF9-4866-9C15-C7889D4C591B}.Release|x86.Build.0 = Release|Any CPU
		{9A5EA265-31A0-47A7-94AD-BCD985335026}.Debug|Any CPU.ActiveCfg = Debug|Any CPU
		{9A5EA265-31A0-47A7-94AD-BCD985335026}.Debug|Any CPU.Build.0 = Debug|Any CPU
		{9A5EA265-31A0-47A7-94AD-BCD985335026}.Debug|x64.ActiveCfg = Debug|Any CPU
		{9A5EA265-31A0-47A7-94AD-BCD985335026}.Debug|x64.Build.0 = Debug|Any CPU
		{9A5EA265-31A0-47A7-94AD-BCD985335026}.Debug|x86.ActiveCfg = Debug|Any CPU
		{9A5EA265-31A0-47A7-94AD-BCD985335026}.Debug|x86.Build.0 = Debug|Any CPU
		{9A5EA265-31A0-47A7-94AD-BCD985335026}.Release|Any CPU.ActiveCfg = Release|Any CPU
		{9A5EA265-31A0-47A7-94AD-BCD985335026}.Release|Any CPU.Build.0 = Release|Any CPU
		{9A5EA265-31A0-47A7-94AD-BCD985335026}.Release|x64.ActiveCfg = Release|Any CPU
		{9A5EA265-31A0-47A7-94AD-BCD985335026}.Release|x64.Build.0 = Release|Any CPU
		{9A5EA265-31A0-47A7-94AD-BCD985335026}.Release|x86.ActiveCfg = Release|Any CPU
		{9A5EA265-31A0-47A7-94AD-BCD985335026}.Release|x86.Build.0 = Release|Any CPU
		{11E72989-613A-4599-A1AE-A22D27809BD9}.Debug|Any CPU.ActiveCfg = Debug|Any CPU
		{11E72989-613A-4599-A1AE-A22D27809BD9}.Debug|Any CPU.Build.0 = Debug|Any CPU
		{11E72989-613A-4599-A1AE-A22D27809BD9}.Debug|x64.ActiveCfg = Debug|Any CPU
		{11E72989-613A-4599-A1AE-A22D27809BD9}.Debug|x64.Build.0 = Debug|Any CPU
		{11E72989-613A-4599-A1AE-A22D27809BD9}.Debug|x86.ActiveCfg = Debug|Any CPU
		{11E72989-613A-4599-A1AE-A22D27809BD9}.Debug|x86.Build.0 = Debug|Any CPU
		{11E72989-613A-4599-A1AE-A22D27809BD9}.Release|Any CPU.ActiveCfg = Release|Any CPU
		{11E72989-613A-4599-A1AE-A22D27809BD9}.Release|Any CPU.Build.0 = Release|Any CPU
		{11E72989-613A-4599-A1AE-A22D27809BD9}.Release|x64.ActiveCfg = Release|Any CPU
		{11E72989-613A-4599-A1AE-A22D27809BD9}.Release|x64.Build.0 = Release|Any CPU
		{11E72989-613A-4599-A1AE-A22D27809BD9}.Release|x86.ActiveCfg = Release|Any CPU
		{11E72989-613A-4599-A1AE-A22D27809BD9}.Release|x86.Build.0 = Release|Any CPU
		{0F40EFCB-BFF5-4C29-9C88-395EB97BEE26}.Debug|Any CPU.ActiveCfg = Debug|Any CPU
		{0F40EFCB-BFF5-4C29-9C88-395EB97BEE26}.Debug|Any CPU.Build.0 = Debug|Any CPU
		{0F40EFCB-BFF5-4C29-9C88-395EB97BEE26}.Debug|x64.ActiveCfg = Debug|Any CPU
		{0F40EFCB-BFF5-4C29-9C88-395EB97BEE26}.Debug|x64.Build.0 = Debug|Any CPU
		{0F40EFCB-BFF5-4C29-9C88-395EB97BEE26}.Debug|x86.ActiveCfg = Debug|Any CPU
		{0F40EFCB-BFF5-4C29-9C88-395EB97BEE26}.Debug|x86.Build.0 = Debug|Any CPU
		{0F40EFCB-BFF5-4C29-9C88-395EB97BEE26}.Release|Any CPU.ActiveCfg = Release|Any CPU
		{0F40EFCB-BFF5-4C29-9C88-395EB97BEE26}.Release|Any CPU.Build.0 = Release|Any CPU
		{0F40EFCB-BFF5-4C29-9C88-395EB97BEE26}.Release|x64.ActiveCfg = Release|Any CPU
		{0F40EFCB-BFF5-4C29-9C88-395EB97BEE26}.Release|x64.Build.0 = Release|Any CPU
		{0F40EFCB-BFF5-4C29-9C88-395EB97BEE26}.Release|x86.ActiveCfg = Release|Any CPU
		{0F40EFCB-BFF5-4C29-9C88-395EB97BEE26}.Release|x86.Build.0 = Release|Any CPU
		{DD65ED0C-1FA4-4BE6-B5E8-DB7A7AB9E8F6}.Debug|Any CPU.ActiveCfg = Debug|Any CPU
		{DD65ED0C-1FA4-4BE6-B5E8-DB7A7AB9E8F6}.Debug|Any CPU.Build.0 = Debug|Any CPU
		{DD65ED0C-1FA4-4BE6-B5E8-DB7A7AB9E8F6}.Debug|x64.ActiveCfg = Debug|Any CPU
		{DD65ED0C-1FA4-4BE6-B5E8-DB7A7AB9E8F6}.Debug|x64.Build.0 = Debug|Any CPU
		{DD65ED0C-1FA4-4BE6-B5E8-DB7A7AB9E8F6}.Debug|x86.ActiveCfg = Debug|Any CPU
		{DD65ED0C-1FA4-4BE6-B5E8-DB7A7AB9E8F6}.Debug|x86.Build.0 = Debug|Any CPU
		{DD65ED0C-1FA4-4BE6-B5E8-DB7A7AB9E8F6}.Release|Any CPU.ActiveCfg = Release|Any CPU
		{DD65ED0C-1FA4-4BE6-B5E8-DB7A7AB9E8F6}.Release|Any CPU.Build.0 = Release|Any CPU
		{DD65ED0C-1FA4-4BE6-B5E8-DB7A7AB9E8F6}.Release|x64.ActiveCfg = Release|Any CPU
		{DD65ED0C-1FA4-4BE6-B5E8-DB7A7AB9E8F6}.Release|x64.Build.0 = Release|Any CPU
		{DD65ED0C-1FA4-4BE6-B5E8-DB7A7AB9E8F6}.Release|x86.ActiveCfg = Release|Any CPU
		{DD65ED0C-1FA4-4BE6-B5E8-DB7A7AB9E8F6}.Release|x86.Build.0 = Release|Any CPU
		{FC8666D6-780E-4F79-B667-642EAA7899D1}.Debug|Any CPU.ActiveCfg = Debug|Any CPU
		{FC8666D6-780E-4F79-B667-642EAA7899D1}.Debug|Any CPU.Build.0 = Debug|Any CPU
		{FC8666D6-780E-4F79-B667-642EAA7899D1}.Debug|x64.ActiveCfg = Debug|Any CPU
		{FC8666D6-780E-4F79-B667-642EAA7899D1}.Debug|x64.Build.0 = Debug|Any CPU
		{FC8666D6-780E-4F79-B667-642EAA7899D1}.Debug|x86.ActiveCfg = Debug|Any CPU
		{FC8666D6-780E-4F79-B667-642EAA7899D1}.Debug|x86.Build.0 = Debug|Any CPU
		{FC8666D6-780E-4F79-B667-642EAA7899D1}.Release|Any CPU.ActiveCfg = Release|Any CPU
		{FC8666D6-780E-4F79-B667-642EAA7899D1}.Release|Any CPU.Build.0 = Release|Any CPU
		{FC8666D6-780E-4F79-B667-642EAA7899D1}.Release|x64.ActiveCfg = Release|Any CPU
		{FC8666D6-780E-4F79-B667-642EAA7899D1}.Release|x64.Build.0 = Release|Any CPU
		{FC8666D6-780E-4F79-B667-642EAA7899D1}.Release|x86.ActiveCfg = Release|Any CPU
		{FC8666D6-780E-4F79-B667-642EAA7899D1}.Release|x86.Build.0 = Release|Any CPU
		{8DB79D7C-30B9-4B2C-8DF0-8340D5EB5BEA}.Debug|Any CPU.ActiveCfg = Debug|Any CPU
		{8DB79D7C-30B9-4B2C-8DF0-8340D5EB5BEA}.Debug|Any CPU.Build.0 = Debug|Any CPU
		{8DB79D7C-30B9-4B2C-8DF0-8340D5EB5BEA}.Debug|x64.ActiveCfg = Debug|Any CPU
		{8DB79D7C-30B9-4B2C-8DF0-8340D5EB5BEA}.Debug|x64.Build.0 = Debug|Any CPU
		{8DB79D7C-30B9-4B2C-8DF0-8340D5EB5BEA}.Debug|x86.ActiveCfg = Debug|Any CPU
		{8DB79D7C-30B9-4B2C-8DF0-8340D5EB5BEA}.Debug|x86.Build.0 = Debug|Any CPU
		{8DB79D7C-30B9-4B2C-8DF0-8340D5EB5BEA}.Release|Any CPU.ActiveCfg = Release|Any CPU
		{8DB79D7C-30B9-4B2C-8DF0-8340D5EB5BEA}.Release|Any CPU.Build.0 = Release|Any CPU
		{8DB79D7C-30B9-4B2C-8DF0-8340D5EB5BEA}.Release|x64.ActiveCfg = Release|Any CPU
		{8DB79D7C-30B9-4B2C-8DF0-8340D5EB5BEA}.Release|x64.Build.0 = Release|Any CPU
		{8DB79D7C-30B9-4B2C-8DF0-8340D5EB5BEA}.Release|x86.ActiveCfg = Release|Any CPU
		{8DB79D7C-30B9-4B2C-8DF0-8340D5EB5BEA}.Release|x86.Build.0 = Release|Any CPU
		{533E412B-1E15-4487-AD3D-3106482AF569}.Debug|Any CPU.ActiveCfg = Debug|Any CPU
		{533E412B-1E15-4487-AD3D-3106482AF569}.Debug|Any CPU.Build.0 = Debug|Any CPU
		{533E412B-1E15-4487-AD3D-3106482AF569}.Debug|x64.ActiveCfg = Debug|Any CPU
		{533E412B-1E15-4487-AD3D-3106482AF569}.Debug|x64.Build.0 = Debug|Any CPU
		{533E412B-1E15-4487-AD3D-3106482AF569}.Debug|x86.ActiveCfg = Debug|Any CPU
		{533E412B-1E15-4487-AD3D-3106482AF569}.Debug|x86.Build.0 = Debug|Any CPU
		{533E412B-1E15-4487-AD3D-3106482AF569}.Release|Any CPU.ActiveCfg = Release|Any CPU
		{533E412B-1E15-4487-AD3D-3106482AF569}.Release|Any CPU.Build.0 = Release|Any CPU
		{533E412B-1E15-4487-AD3D-3106482AF569}.Release|x64.ActiveCfg = Release|Any CPU
		{533E412B-1E15-4487-AD3D-3106482AF569}.Release|x64.Build.0 = Release|Any CPU
		{533E412B-1E15-4487-AD3D-3106482AF569}.Release|x86.ActiveCfg = Release|Any CPU
		{533E412B-1E15-4487-AD3D-3106482AF569}.Release|x86.Build.0 = Release|Any CPU
		{7C8AD072-13C4-418B-A2C5-A5656F42CB4B}.Debug|Any CPU.ActiveCfg = Debug|Any CPU
		{7C8AD072-13C4-418B-A2C5-A5656F42CB4B}.Debug|Any CPU.Build.0 = Debug|Any CPU
		{7C8AD072-13C4-418B-A2C5-A5656F42CB4B}.Debug|x64.ActiveCfg = Debug|Any CPU
		{7C8AD072-13C4-418B-A2C5-A5656F42CB4B}.Debug|x64.Build.0 = Debug|Any CPU
		{7C8AD072-13C4-418B-A2C5-A5656F42CB4B}.Debug|x86.ActiveCfg = Debug|Any CPU
		{7C8AD072-13C4-418B-A2C5-A5656F42CB4B}.Debug|x86.Build.0 = Debug|Any CPU
		{7C8AD072-13C4-418B-A2C5-A5656F42CB4B}.Release|Any CPU.ActiveCfg = Release|Any CPU
		{7C8AD072-13C4-418B-A2C5-A5656F42CB4B}.Release|Any CPU.Build.0 = Release|Any CPU
		{7C8AD072-13C4-418B-A2C5-A5656F42CB4B}.Release|x64.ActiveCfg = Release|Any CPU
		{7C8AD072-13C4-418B-A2C5-A5656F42CB4B}.Release|x64.Build.0 = Release|Any CPU
		{7C8AD072-13C4-418B-A2C5-A5656F42CB4B}.Release|x86.ActiveCfg = Release|Any CPU
		{7C8AD072-13C4-418B-A2C5-A5656F42CB4B}.Release|x86.Build.0 = Release|Any CPU
		{63C8BE6D-17BA-4541-ACBE-5BBFD3452B2B}.Debug|Any CPU.ActiveCfg = Debug|Any CPU
		{63C8BE6D-17BA-4541-ACBE-5BBFD3452B2B}.Debug|Any CPU.Build.0 = Debug|Any CPU
		{63C8BE6D-17BA-4541-ACBE-5BBFD3452B2B}.Debug|x64.ActiveCfg = Debug|Any CPU
		{63C8BE6D-17BA-4541-ACBE-5BBFD3452B2B}.Debug|x64.Build.0 = Debug|Any CPU
		{63C8BE6D-17BA-4541-ACBE-5BBFD3452B2B}.Debug|x86.ActiveCfg = Debug|Any CPU
		{63C8BE6D-17BA-4541-ACBE-5BBFD3452B2B}.Debug|x86.Build.0 = Debug|Any CPU
		{63C8BE6D-17BA-4541-ACBE-5BBFD3452B2B}.Release|Any CPU.ActiveCfg = Release|Any CPU
		{63C8BE6D-17BA-4541-ACBE-5BBFD3452B2B}.Release|Any CPU.Build.0 = Release|Any CPU
		{63C8BE6D-17BA-4541-ACBE-5BBFD3452B2B}.Release|x64.ActiveCfg = Release|Any CPU
		{63C8BE6D-17BA-4541-ACBE-5BBFD3452B2B}.Release|x64.Build.0 = Release|Any CPU
		{63C8BE6D-17BA-4541-ACBE-5BBFD3452B2B}.Release|x86.ActiveCfg = Release|Any CPU
		{63C8BE6D-17BA-4541-ACBE-5BBFD3452B2B}.Release|x86.Build.0 = Release|Any CPU
		{77F7439C-00EE-4679-BB40-D069257DB145}.Debug|Any CPU.ActiveCfg = Debug|Any CPU
		{77F7439C-00EE-4679-BB40-D069257DB145}.Debug|Any CPU.Build.0 = Debug|Any CPU
		{77F7439C-00EE-4679-BB40-D069257DB145}.Debug|x64.ActiveCfg = Debug|Any CPU
		{77F7439C-00EE-4679-BB40-D069257DB145}.Debug|x64.Build.0 = Debug|Any CPU
		{77F7439C-00EE-4679-BB40-D069257DB145}.Debug|x86.ActiveCfg = Debug|Any CPU
		{77F7439C-00EE-4679-BB40-D069257DB145}.Debug|x86.Build.0 = Debug|Any CPU
		{77F7439C-00EE-4679-BB40-D069257DB145}.Release|Any CPU.ActiveCfg = Release|Any CPU
		{77F7439C-00EE-4679-BB40-D069257DB145}.Release|Any CPU.Build.0 = Release|Any CPU
		{77F7439C-00EE-4679-BB40-D069257DB145}.Release|x64.ActiveCfg = Release|Any CPU
		{77F7439C-00EE-4679-BB40-D069257DB145}.Release|x64.Build.0 = Release|Any CPU
		{77F7439C-00EE-4679-BB40-D069257DB145}.Release|x86.ActiveCfg = Release|Any CPU
		{77F7439C-00EE-4679-BB40-D069257DB145}.Release|x86.Build.0 = Release|Any CPU
		{E3990155-0ADC-4C91-9DCE-C68EB91496D4}.Debug|Any CPU.ActiveCfg = Debug|Any CPU
		{E3990155-0ADC-4C91-9DCE-C68EB91496D4}.Debug|Any CPU.Build.0 = Debug|Any CPU
		{E3990155-0ADC-4C91-9DCE-C68EB91496D4}.Debug|x64.ActiveCfg = Debug|Any CPU
		{E3990155-0ADC-4C91-9DCE-C68EB91496D4}.Debug|x64.Build.0 = Debug|Any CPU
		{E3990155-0ADC-4C91-9DCE-C68EB91496D4}.Debug|x86.ActiveCfg = Debug|Any CPU
		{E3990155-0ADC-4C91-9DCE-C68EB91496D4}.Debug|x86.Build.0 = Debug|Any CPU
		{E3990155-0ADC-4C91-9DCE-C68EB91496D4}.Release|Any CPU.ActiveCfg = Release|Any CPU
		{E3990155-0ADC-4C91-9DCE-C68EB91496D4}.Release|Any CPU.Build.0 = Release|Any CPU
		{E3990155-0ADC-4C91-9DCE-C68EB91496D4}.Release|x64.ActiveCfg = Release|Any CPU
		{E3990155-0ADC-4C91-9DCE-C68EB91496D4}.Release|x64.Build.0 = Release|Any CPU
		{E3990155-0ADC-4C91-9DCE-C68EB91496D4}.Release|x86.ActiveCfg = Release|Any CPU
		{E3990155-0ADC-4C91-9DCE-C68EB91496D4}.Release|x86.Build.0 = Release|Any CPU
		{CC578E53-13BB-4CCD-ADE8-07A6CDBF836D}.Debug|Any CPU.ActiveCfg = Debug|Any CPU
		{CC578E53-13BB-4CCD-ADE8-07A6CDBF836D}.Debug|Any CPU.Build.0 = Debug|Any CPU
		{CC578E53-13BB-4CCD-ADE8-07A6CDBF836D}.Debug|x64.ActiveCfg = Debug|Any CPU
		{CC578E53-13BB-4CCD-ADE8-07A6CDBF836D}.Debug|x64.Build.0 = Debug|Any CPU
		{CC578E53-13BB-4CCD-ADE8-07A6CDBF836D}.Debug|x86.ActiveCfg = Debug|Any CPU
		{CC578E53-13BB-4CCD-ADE8-07A6CDBF836D}.Debug|x86.Build.0 = Debug|Any CPU
		{CC578E53-13BB-4CCD-ADE8-07A6CDBF836D}.Release|Any CPU.ActiveCfg = Release|Any CPU
		{CC578E53-13BB-4CCD-ADE8-07A6CDBF836D}.Release|Any CPU.Build.0 = Release|Any CPU
		{CC578E53-13BB-4CCD-ADE8-07A6CDBF836D}.Release|x64.ActiveCfg = Release|Any CPU
		{CC578E53-13BB-4CCD-ADE8-07A6CDBF836D}.Release|x64.Build.0 = Release|Any CPU
		{CC578E53-13BB-4CCD-ADE8-07A6CDBF836D}.Release|x86.ActiveCfg = Release|Any CPU
		{CC578E53-13BB-4CCD-ADE8-07A6CDBF836D}.Release|x86.Build.0 = Release|Any CPU
		{150C6433-4E9E-424A-9255-FBD3D8C7D5FD}.Debug|Any CPU.ActiveCfg = Debug|Any CPU
		{150C6433-4E9E-424A-9255-FBD3D8C7D5FD}.Debug|Any CPU.Build.0 = Debug|Any CPU
		{150C6433-4E9E-424A-9255-FBD3D8C7D5FD}.Debug|x64.ActiveCfg = Debug|Any CPU
		{150C6433-4E9E-424A-9255-FBD3D8C7D5FD}.Debug|x64.Build.0 = Debug|Any CPU
		{150C6433-4E9E-424A-9255-FBD3D8C7D5FD}.Debug|x86.ActiveCfg = Debug|Any CPU
		{150C6433-4E9E-424A-9255-FBD3D8C7D5FD}.Debug|x86.Build.0 = Debug|Any CPU
		{150C6433-4E9E-424A-9255-FBD3D8C7D5FD}.Release|Any CPU.ActiveCfg = Release|Any CPU
		{150C6433-4E9E-424A-9255-FBD3D8C7D5FD}.Release|Any CPU.Build.0 = Release|Any CPU
		{150C6433-4E9E-424A-9255-FBD3D8C7D5FD}.Release|x64.ActiveCfg = Release|Any CPU
		{150C6433-4E9E-424A-9255-FBD3D8C7D5FD}.Release|x64.Build.0 = Release|Any CPU
		{150C6433-4E9E-424A-9255-FBD3D8C7D5FD}.Release|x86.ActiveCfg = Release|Any CPU
		{150C6433-4E9E-424A-9255-FBD3D8C7D5FD}.Release|x86.Build.0 = Release|Any CPU
		{40831C2F-010A-4FB2-BFD3-28694B28B5D4}.Debug|Any CPU.ActiveCfg = Debug|Any CPU
		{40831C2F-010A-4FB2-BFD3-28694B28B5D4}.Debug|Any CPU.Build.0 = Debug|Any CPU
		{40831C2F-010A-4FB2-BFD3-28694B28B5D4}.Debug|x64.ActiveCfg = Debug|Any CPU
		{40831C2F-010A-4FB2-BFD3-28694B28B5D4}.Debug|x64.Build.0 = Debug|Any CPU
		{40831C2F-010A-4FB2-BFD3-28694B28B5D4}.Debug|x86.ActiveCfg = Debug|Any CPU
		{40831C2F-010A-4FB2-BFD3-28694B28B5D4}.Debug|x86.Build.0 = Debug|Any CPU
		{40831C2F-010A-4FB2-BFD3-28694B28B5D4}.Release|Any CPU.ActiveCfg = Release|Any CPU
		{40831C2F-010A-4FB2-BFD3-28694B28B5D4}.Release|Any CPU.Build.0 = Release|Any CPU
		{40831C2F-010A-4FB2-BFD3-28694B28B5D4}.Release|x64.ActiveCfg = Release|Any CPU
		{40831C2F-010A-4FB2-BFD3-28694B28B5D4}.Release|x64.Build.0 = Release|Any CPU
		{40831C2F-010A-4FB2-BFD3-28694B28B5D4}.Release|x86.ActiveCfg = Release|Any CPU
		{40831C2F-010A-4FB2-BFD3-28694B28B5D4}.Release|x86.Build.0 = Release|Any CPU
		{BB169D91-CD62-4995-A852-3B1497CD6E6A}.Debug|Any CPU.ActiveCfg = Debug|Any CPU
		{BB169D91-CD62-4995-A852-3B1497CD6E6A}.Debug|Any CPU.Build.0 = Debug|Any CPU
		{BB169D91-CD62-4995-A852-3B1497CD6E6A}.Debug|x64.ActiveCfg = Debug|Any CPU
		{BB169D91-CD62-4995-A852-3B1497CD6E6A}.Debug|x64.Build.0 = Debug|Any CPU
		{BB169D91-CD62-4995-A852-3B1497CD6E6A}.Debug|x86.ActiveCfg = Debug|Any CPU
		{BB169D91-CD62-4995-A852-3B1497CD6E6A}.Debug|x86.Build.0 = Debug|Any CPU
		{BB169D91-CD62-4995-A852-3B1497CD6E6A}.Release|Any CPU.ActiveCfg = Release|Any CPU
		{BB169D91-CD62-4995-A852-3B1497CD6E6A}.Release|Any CPU.Build.0 = Release|Any CPU
		{BB169D91-CD62-4995-A852-3B1497CD6E6A}.Release|x64.ActiveCfg = Release|Any CPU
		{BB169D91-CD62-4995-A852-3B1497CD6E6A}.Release|x64.Build.0 = Release|Any CPU
		{BB169D91-CD62-4995-A852-3B1497CD6E6A}.Release|x86.ActiveCfg = Release|Any CPU
		{BB169D91-CD62-4995-A852-3B1497CD6E6A}.Release|x86.Build.0 = Release|Any CPU
		{34D3C582-9CAB-4DA0-9B9E-A90118945212}.Debug|Any CPU.ActiveCfg = Debug|Any CPU
		{34D3C582-9CAB-4DA0-9B9E-A90118945212}.Debug|Any CPU.Build.0 = Debug|Any CPU
		{34D3C582-9CAB-4DA0-9B9E-A90118945212}.Debug|x64.ActiveCfg = Debug|Any CPU
		{34D3C582-9CAB-4DA0-9B9E-A90118945212}.Debug|x64.Build.0 = Debug|Any CPU
		{34D3C582-9CAB-4DA0-9B9E-A90118945212}.Debug|x86.ActiveCfg = Debug|Any CPU
		{34D3C582-9CAB-4DA0-9B9E-A90118945212}.Debug|x86.Build.0 = Debug|Any CPU
		{34D3C582-9CAB-4DA0-9B9E-A90118945212}.Release|Any CPU.ActiveCfg = Release|Any CPU
		{34D3C582-9CAB-4DA0-9B9E-A90118945212}.Release|Any CPU.Build.0 = Release|Any CPU
		{34D3C582-9CAB-4DA0-9B9E-A90118945212}.Release|x64.ActiveCfg = Release|Any CPU
		{34D3C582-9CAB-4DA0-9B9E-A90118945212}.Release|x64.Build.0 = Release|Any CPU
		{34D3C582-9CAB-4DA0-9B9E-A90118945212}.Release|x86.ActiveCfg = Release|Any CPU
		{34D3C582-9CAB-4DA0-9B9E-A90118945212}.Release|x86.Build.0 = Release|Any CPU
		{ACAE89B3-F101-4C1B-94D4-BE027F8C3F81}.Debug|Any CPU.ActiveCfg = Debug|Any CPU
		{ACAE89B3-F101-4C1B-94D4-BE027F8C3F81}.Debug|Any CPU.Build.0 = Debug|Any CPU
		{ACAE89B3-F101-4C1B-94D4-BE027F8C3F81}.Debug|x64.ActiveCfg = Debug|Any CPU
		{ACAE89B3-F101-4C1B-94D4-BE027F8C3F81}.Debug|x64.Build.0 = Debug|Any CPU
		{ACAE89B3-F101-4C1B-94D4-BE027F8C3F81}.Debug|x86.ActiveCfg = Debug|Any CPU
		{ACAE89B3-F101-4C1B-94D4-BE027F8C3F81}.Debug|x86.Build.0 = Debug|Any CPU
		{ACAE89B3-F101-4C1B-94D4-BE027F8C3F81}.Release|Any CPU.ActiveCfg = Release|Any CPU
		{ACAE89B3-F101-4C1B-94D4-BE027F8C3F81}.Release|Any CPU.Build.0 = Release|Any CPU
		{ACAE89B3-F101-4C1B-94D4-BE027F8C3F81}.Release|x64.ActiveCfg = Release|Any CPU
		{ACAE89B3-F101-4C1B-94D4-BE027F8C3F81}.Release|x64.Build.0 = Release|Any CPU
		{ACAE89B3-F101-4C1B-94D4-BE027F8C3F81}.Release|x86.ActiveCfg = Release|Any CPU
		{ACAE89B3-F101-4C1B-94D4-BE027F8C3F81}.Release|x86.Build.0 = Release|Any CPU
		{BF0E9548-9FCA-4B84-9A71-1681E013DF9D}.Debug|Any CPU.ActiveCfg = Debug|Any CPU
		{BF0E9548-9FCA-4B84-9A71-1681E013DF9D}.Debug|Any CPU.Build.0 = Debug|Any CPU
		{BF0E9548-9FCA-4B84-9A71-1681E013DF9D}.Debug|x64.ActiveCfg = Debug|Any CPU
		{BF0E9548-9FCA-4B84-9A71-1681E013DF9D}.Debug|x64.Build.0 = Debug|Any CPU
		{BF0E9548-9FCA-4B84-9A71-1681E013DF9D}.Debug|x86.ActiveCfg = Debug|Any CPU
		{BF0E9548-9FCA-4B84-9A71-1681E013DF9D}.Debug|x86.Build.0 = Debug|Any CPU
		{BF0E9548-9FCA-4B84-9A71-1681E013DF9D}.Release|Any CPU.ActiveCfg = Release|Any CPU
		{BF0E9548-9FCA-4B84-9A71-1681E013DF9D}.Release|Any CPU.Build.0 = Release|Any CPU
		{BF0E9548-9FCA-4B84-9A71-1681E013DF9D}.Release|x64.ActiveCfg = Release|Any CPU
		{BF0E9548-9FCA-4B84-9A71-1681E013DF9D}.Release|x64.Build.0 = Release|Any CPU
		{BF0E9548-9FCA-4B84-9A71-1681E013DF9D}.Release|x86.ActiveCfg = Release|Any CPU
		{BF0E9548-9FCA-4B84-9A71-1681E013DF9D}.Release|x86.Build.0 = Release|Any CPU
		{AEC8C338-4043-4DDD-B1C0-FC081B42D309}.Debug|Any CPU.ActiveCfg = Debug|Any CPU
		{AEC8C338-4043-4DDD-B1C0-FC081B42D309}.Debug|Any CPU.Build.0 = Debug|Any CPU
		{AEC8C338-4043-4DDD-B1C0-FC081B42D309}.Debug|x64.ActiveCfg = Debug|Any CPU
		{AEC8C338-4043-4DDD-B1C0-FC081B42D309}.Debug|x64.Build.0 = Debug|Any CPU
		{AEC8C338-4043-4DDD-B1C0-FC081B42D309}.Debug|x86.ActiveCfg = Debug|Any CPU
		{AEC8C338-4043-4DDD-B1C0-FC081B42D309}.Debug|x86.Build.0 = Debug|Any CPU
		{AEC8C338-4043-4DDD-B1C0-FC081B42D309}.Release|Any CPU.ActiveCfg = Release|Any CPU
		{AEC8C338-4043-4DDD-B1C0-FC081B42D309}.Release|Any CPU.Build.0 = Release|Any CPU
		{AEC8C338-4043-4DDD-B1C0-FC081B42D309}.Release|x64.ActiveCfg = Release|Any CPU
		{AEC8C338-4043-4DDD-B1C0-FC081B42D309}.Release|x64.Build.0 = Release|Any CPU
		{AEC8C338-4043-4DDD-B1C0-FC081B42D309}.Release|x86.ActiveCfg = Release|Any CPU
		{AEC8C338-4043-4DDD-B1C0-FC081B42D309}.Release|x86.Build.0 = Release|Any CPU
		{C316CB02-119E-45E9-A098-81BC3EF6318B}.Debug|Any CPU.ActiveCfg = Debug|Any CPU
		{C316CB02-119E-45E9-A098-81BC3EF6318B}.Debug|Any CPU.Build.0 = Debug|Any CPU
		{C316CB02-119E-45E9-A098-81BC3EF6318B}.Debug|x64.ActiveCfg = Debug|Any CPU
		{C316CB02-119E-45E9-A098-81BC3EF6318B}.Debug|x64.Build.0 = Debug|Any CPU
		{C316CB02-119E-45E9-A098-81BC3EF6318B}.Debug|x86.ActiveCfg = Debug|Any CPU
		{C316CB02-119E-45E9-A098-81BC3EF6318B}.Debug|x86.Build.0 = Debug|Any CPU
		{C316CB02-119E-45E9-A098-81BC3EF6318B}.Release|Any CPU.ActiveCfg = Release|Any CPU
		{C316CB02-119E-45E9-A098-81BC3EF6318B}.Release|Any CPU.Build.0 = Release|Any CPU
		{C316CB02-119E-45E9-A098-81BC3EF6318B}.Release|x64.ActiveCfg = Release|Any CPU
		{C316CB02-119E-45E9-A098-81BC3EF6318B}.Release|x64.Build.0 = Release|Any CPU
		{C316CB02-119E-45E9-A098-81BC3EF6318B}.Release|x86.ActiveCfg = Release|Any CPU
		{C316CB02-119E-45E9-A098-81BC3EF6318B}.Release|x86.Build.0 = Release|Any CPU
		{81FE518A-54F9-45EC-838E-5A411DCA2558}.Debug|Any CPU.ActiveCfg = Debug|Any CPU
		{81FE518A-54F9-45EC-838E-5A411DCA2558}.Debug|Any CPU.Build.0 = Debug|Any CPU
		{81FE518A-54F9-45EC-838E-5A411DCA2558}.Debug|x64.ActiveCfg = Debug|Any CPU
		{81FE518A-54F9-45EC-838E-5A411DCA2558}.Debug|x64.Build.0 = Debug|Any CPU
		{81FE518A-54F9-45EC-838E-5A411DCA2558}.Debug|x86.ActiveCfg = Debug|Any CPU
		{81FE518A-54F9-45EC-838E-5A411DCA2558}.Debug|x86.Build.0 = Debug|Any CPU
		{81FE518A-54F9-45EC-838E-5A411DCA2558}.Release|Any CPU.ActiveCfg = Release|Any CPU
		{81FE518A-54F9-45EC-838E-5A411DCA2558}.Release|Any CPU.Build.0 = Release|Any CPU
		{81FE518A-54F9-45EC-838E-5A411DCA2558}.Release|x64.ActiveCfg = Release|Any CPU
		{81FE518A-54F9-45EC-838E-5A411DCA2558}.Release|x64.Build.0 = Release|Any CPU
		{81FE518A-54F9-45EC-838E-5A411DCA2558}.Release|x86.ActiveCfg = Release|Any CPU
		{81FE518A-54F9-45EC-838E-5A411DCA2558}.Release|x86.Build.0 = Release|Any CPU
		{2CE07362-AD35-4946-8034-547BF5D0191B}.Debug|Any CPU.ActiveCfg = Debug|Any CPU
		{2CE07362-AD35-4946-8034-547BF5D0191B}.Debug|Any CPU.Build.0 = Debug|Any CPU
		{2CE07362-AD35-4946-8034-547BF5D0191B}.Debug|x64.ActiveCfg = Debug|Any CPU
		{2CE07362-AD35-4946-8034-547BF5D0191B}.Debug|x64.Build.0 = Debug|Any CPU
		{2CE07362-AD35-4946-8034-547BF5D0191B}.Debug|x86.ActiveCfg = Debug|Any CPU
		{2CE07362-AD35-4946-8034-547BF5D0191B}.Debug|x86.Build.0 = Debug|Any CPU
		{2CE07362-AD35-4946-8034-547BF5D0191B}.Release|Any CPU.ActiveCfg = Release|Any CPU
		{2CE07362-AD35-4946-8034-547BF5D0191B}.Release|Any CPU.Build.0 = Release|Any CPU
		{2CE07362-AD35-4946-8034-547BF5D0191B}.Release|x64.ActiveCfg = Release|Any CPU
		{2CE07362-AD35-4946-8034-547BF5D0191B}.Release|x64.Build.0 = Release|Any CPU
		{2CE07362-AD35-4946-8034-547BF5D0191B}.Release|x86.ActiveCfg = Release|Any CPU
		{2CE07362-AD35-4946-8034-547BF5D0191B}.Release|x86.Build.0 = Release|Any CPU
		{844E0CB3-9122-4FF4-A310-71AB3EDF6250}.Debug|Any CPU.ActiveCfg = Debug|Any CPU
		{844E0CB3-9122-4FF4-A310-71AB3EDF6250}.Debug|Any CPU.Build.0 = Debug|Any CPU
		{844E0CB3-9122-4FF4-A310-71AB3EDF6250}.Debug|x64.ActiveCfg = Debug|Any CPU
		{844E0CB3-9122-4FF4-A310-71AB3EDF6250}.Debug|x64.Build.0 = Debug|Any CPU
		{844E0CB3-9122-4FF4-A310-71AB3EDF6250}.Debug|x86.ActiveCfg = Debug|Any CPU
		{844E0CB3-9122-4FF4-A310-71AB3EDF6250}.Debug|x86.Build.0 = Debug|Any CPU
		{844E0CB3-9122-4FF4-A310-71AB3EDF6250}.Release|Any CPU.ActiveCfg = Release|Any CPU
		{844E0CB3-9122-4FF4-A310-71AB3EDF6250}.Release|Any CPU.Build.0 = Release|Any CPU
		{844E0CB3-9122-4FF4-A310-71AB3EDF6250}.Release|x64.ActiveCfg = Release|Any CPU
		{844E0CB3-9122-4FF4-A310-71AB3EDF6250}.Release|x64.Build.0 = Release|Any CPU
		{844E0CB3-9122-4FF4-A310-71AB3EDF6250}.Release|x86.ActiveCfg = Release|Any CPU
		{844E0CB3-9122-4FF4-A310-71AB3EDF6250}.Release|x86.Build.0 = Release|Any CPU
		{F5493529-9FE5-40D4-B371-C8EC22945929}.Debug|Any CPU.ActiveCfg = Debug|Any CPU
		{F5493529-9FE5-40D4-B371-C8EC22945929}.Debug|Any CPU.Build.0 = Debug|Any CPU
		{F5493529-9FE5-40D4-B371-C8EC22945929}.Debug|x64.ActiveCfg = Debug|Any CPU
		{F5493529-9FE5-40D4-B371-C8EC22945929}.Debug|x64.Build.0 = Debug|Any CPU
		{F5493529-9FE5-40D4-B371-C8EC22945929}.Debug|x86.ActiveCfg = Debug|Any CPU
		{F5493529-9FE5-40D4-B371-C8EC22945929}.Debug|x86.Build.0 = Debug|Any CPU
		{F5493529-9FE5-40D4-B371-C8EC22945929}.Release|Any CPU.ActiveCfg = Release|Any CPU
		{F5493529-9FE5-40D4-B371-C8EC22945929}.Release|Any CPU.Build.0 = Release|Any CPU
		{F5493529-9FE5-40D4-B371-C8EC22945929}.Release|x64.ActiveCfg = Release|Any CPU
		{F5493529-9FE5-40D4-B371-C8EC22945929}.Release|x64.Build.0 = Release|Any CPU
		{F5493529-9FE5-40D4-B371-C8EC22945929}.Release|x86.ActiveCfg = Release|Any CPU
		{F5493529-9FE5-40D4-B371-C8EC22945929}.Release|x86.Build.0 = Release|Any CPU
		{5C4E2CDD-1D34-437F-811C-E96946949924}.Debug|Any CPU.ActiveCfg = Debug|Any CPU
		{5C4E2CDD-1D34-437F-811C-E96946949924}.Debug|Any CPU.Build.0 = Debug|Any CPU
		{5C4E2CDD-1D34-437F-811C-E96946949924}.Debug|x64.ActiveCfg = Debug|Any CPU
		{5C4E2CDD-1D34-437F-811C-E96946949924}.Debug|x64.Build.0 = Debug|Any CPU
		{5C4E2CDD-1D34-437F-811C-E96946949924}.Debug|x86.ActiveCfg = Debug|Any CPU
		{5C4E2CDD-1D34-437F-811C-E96946949924}.Debug|x86.Build.0 = Debug|Any CPU
		{5C4E2CDD-1D34-437F-811C-E96946949924}.Release|Any CPU.ActiveCfg = Release|Any CPU
		{5C4E2CDD-1D34-437F-811C-E96946949924}.Release|Any CPU.Build.0 = Release|Any CPU
		{5C4E2CDD-1D34-437F-811C-E96946949924}.Release|x64.ActiveCfg = Release|Any CPU
		{5C4E2CDD-1D34-437F-811C-E96946949924}.Release|x64.Build.0 = Release|Any CPU
		{5C4E2CDD-1D34-437F-811C-E96946949924}.Release|x86.ActiveCfg = Release|Any CPU
		{5C4E2CDD-1D34-437F-811C-E96946949924}.Release|x86.Build.0 = Release|Any CPU
		{37A00212-6CCB-477C-9ACC-F7172D51D765}.Debug|Any CPU.ActiveCfg = Debug|Any CPU
		{37A00212-6CCB-477C-9ACC-F7172D51D765}.Debug|Any CPU.Build.0 = Debug|Any CPU
		{37A00212-6CCB-477C-9ACC-F7172D51D765}.Debug|x64.ActiveCfg = Debug|Any CPU
		{37A00212-6CCB-477C-9ACC-F7172D51D765}.Debug|x64.Build.0 = Debug|Any CPU
		{37A00212-6CCB-477C-9ACC-F7172D51D765}.Debug|x86.ActiveCfg = Debug|Any CPU
		{37A00212-6CCB-477C-9ACC-F7172D51D765}.Debug|x86.Build.0 = Debug|Any CPU
		{37A00212-6CCB-477C-9ACC-F7172D51D765}.Release|Any CPU.ActiveCfg = Release|Any CPU
		{37A00212-6CCB-477C-9ACC-F7172D51D765}.Release|Any CPU.Build.0 = Release|Any CPU
		{37A00212-6CCB-477C-9ACC-F7172D51D765}.Release|x64.ActiveCfg = Release|Any CPU
		{37A00212-6CCB-477C-9ACC-F7172D51D765}.Release|x64.Build.0 = Release|Any CPU
		{37A00212-6CCB-477C-9ACC-F7172D51D765}.Release|x86.ActiveCfg = Release|Any CPU
		{37A00212-6CCB-477C-9ACC-F7172D51D765}.Release|x86.Build.0 = Release|Any CPU
		{F5F918BA-A0EE-49DC-B355-D96BD35CAA5B}.Debug|Any CPU.ActiveCfg = Debug|Any CPU
		{F5F918BA-A0EE-49DC-B355-D96BD35CAA5B}.Debug|Any CPU.Build.0 = Debug|Any CPU
		{F5F918BA-A0EE-49DC-B355-D96BD35CAA5B}.Debug|x64.ActiveCfg = Debug|Any CPU
		{F5F918BA-A0EE-49DC-B355-D96BD35CAA5B}.Debug|x64.Build.0 = Debug|Any CPU
		{F5F918BA-A0EE-49DC-B355-D96BD35CAA5B}.Debug|x86.ActiveCfg = Debug|Any CPU
		{F5F918BA-A0EE-49DC-B355-D96BD35CAA5B}.Debug|x86.Build.0 = Debug|Any CPU
		{F5F918BA-A0EE-49DC-B355-D96BD35CAA5B}.Release|Any CPU.ActiveCfg = Release|Any CPU
		{F5F918BA-A0EE-49DC-B355-D96BD35CAA5B}.Release|Any CPU.Build.0 = Release|Any CPU
		{F5F918BA-A0EE-49DC-B355-D96BD35CAA5B}.Release|x64.ActiveCfg = Release|Any CPU
		{F5F918BA-A0EE-49DC-B355-D96BD35CAA5B}.Release|x64.Build.0 = Release|Any CPU
		{F5F918BA-A0EE-49DC-B355-D96BD35CAA5B}.Release|x86.ActiveCfg = Release|Any CPU
		{F5F918BA-A0EE-49DC-B355-D96BD35CAA5B}.Release|x86.Build.0 = Release|Any CPU
		{41912777-CAAE-497E-82E4-DE61B403AB7B}.Debug|Any CPU.ActiveCfg = Debug|Any CPU
		{41912777-CAAE-497E-82E4-DE61B403AB7B}.Debug|Any CPU.Build.0 = Debug|Any CPU
		{41912777-CAAE-497E-82E4-DE61B403AB7B}.Debug|x64.ActiveCfg = Debug|Any CPU
		{41912777-CAAE-497E-82E4-DE61B403AB7B}.Debug|x64.Build.0 = Debug|Any CPU
		{41912777-CAAE-497E-82E4-DE61B403AB7B}.Debug|x86.ActiveCfg = Debug|Any CPU
		{41912777-CAAE-497E-82E4-DE61B403AB7B}.Debug|x86.Build.0 = Debug|Any CPU
		{41912777-CAAE-497E-82E4-DE61B403AB7B}.Release|Any CPU.ActiveCfg = Release|Any CPU
		{41912777-CAAE-497E-82E4-DE61B403AB7B}.Release|Any CPU.Build.0 = Release|Any CPU
		{41912777-CAAE-497E-82E4-DE61B403AB7B}.Release|x64.ActiveCfg = Release|Any CPU
		{41912777-CAAE-497E-82E4-DE61B403AB7B}.Release|x64.Build.0 = Release|Any CPU
		{41912777-CAAE-497E-82E4-DE61B403AB7B}.Release|x86.ActiveCfg = Release|Any CPU
		{41912777-CAAE-497E-82E4-DE61B403AB7B}.Release|x86.Build.0 = Release|Any CPU
	EndGlobalSection
	GlobalSection(SolutionProperties) = preSolution
		HideSolutionNode = FALSE
	EndGlobalSection
	GlobalSection(ExtensibilityGlobals) = postSolution
		SolutionGuid = {CFA98297-6C63-4931-B0CF-DC5C0A5A6D7E}
	EndGlobalSection
EndGlobal
